
Microsoft Visual Studio Solution File, Format Version 12.00
# Visual Studio 15
VisualStudioVersion = 15.0.27130.2010
MinimumVisualStudioVersion = 10.0.40219.1
Project("{2150E333-8FDC-42A3-9474-1A3956D46DE8}") = "Solution Items", "Solution Items", "{0A8B4F89-9739-469E-AEF0-1B51D20D68DB}"
	ProjectSection(SolutionItems) = preProject
		_current\chaki.chm = _current\chaki.chm
		ChaKi.NET.vsmdi = ChaKi.NET.vsmdi
		_current\chakinet.zip = _current\chakinet.zip
		CreateAssemblyInfo.vbs = CreateAssemblyInfo.vbs
		LocalTestRun.testrunconfig = LocalTestRun.testrunconfig
		PostBuild.bat = PostBuild.bat
		PreBuild.bat = PreBuild.bat
		_current\x64.zip = _current\x64.zip
		ビルド手順注意.txt = ビルド手順注意.txt
	EndProjectSection
EndProject
Project("{2150E333-8FDC-42A3-9474-1A3956D46DE8}") = "License", "License", "{489AFBF7-5621-418D-B261-9259DF2ABB59}"
	ProjectSection(SolutionItems) = preProject
		License\Apache_2_0.txt = License\Apache_2_0.txt
		License\CommonPublicLicense_1_0.txt = License\CommonPublicLicense_1_0.txt
		License\CPOL.html = License\CPOL.html
		License\GPL_2.txt = License\GPL_2.txt
		License\LGPL_3_0.txt = License\LGPL_3_0.txt
		License\License.txt = License\License.txt
		License\MsPL.html = License\MsPL.html
		License\Npgsql.txt = License\Npgsql.txt
	EndProjectSection
EndProject
Project("{2150E333-8FDC-42A3-9474-1A3956D46DE8}") = "Addins", "Addins", "{1B498F9C-0ED5-4243-9FF6-81A9554B10BC}"
EndProject
Project("{FAE04EC0-301F-11D3-BF4B-00C04F79EFBC}") = "ChaKi", "ChaKi.NET\ChaKi.csproj", "{F7E0E4F3-15FE-4480-8D38-01FA2F878AD8}"
EndProject
Project("{FAE04EC0-301F-11D3-BF4B-00C04F79EFBC}") = "Entity", "Entity\Entity.csproj", "{B0C53F88-95C9-46D7-BDE2-6113D354EF5E}"
EndProject
Project("{FAE04EC0-301F-11D3-BF4B-00C04F79EFBC}") = "Service", "Service\Service.csproj", "{D7ADF4FF-56F3-44EC-9015-DA9E6CE8DFD9}"
EndProject
Project("{FAE04EC0-301F-11D3-BF4B-00C04F79EFBC}") = "MSSQLUserFunc", "MSSQLUserFunc\MSSQLUserFunc.csproj", "{76EC3360-4EDF-4BB9-B0CC-A9430844A2F7}"
EndProject
Project("{FAE04EC0-301F-11D3-BF4B-00C04F79EFBC}") = "CreateCorpusSLA", "CreateCorpusSLA\CreateCorpusSLA.csproj", "{E61D7669-E929-4DCB-98E3-3B4FA40FFCAC}"
EndProject
Project("{FAE04EC0-301F-11D3-BF4B-00C04F79EFBC}") = "DepEditSLA", "DepEditSLA\DepEditSLA.csproj", "{7D86F989-177E-4804-9C7D-FBA4DCE0E4F1}"
EndProject
Project("{FAE04EC0-301F-11D3-BF4B-00C04F79EFBC}") = "ChaKiCommon", "ChaKiCommon\ChaKiCommon.csproj", "{B9B0121C-BD6C-496E-8573-5A2CB440242A}"
EndProject
Project("{FAE04EC0-301F-11D3-BF4B-00C04F79EFBC}") = "ServiceTest", "Test\ServiceTest\ServiceTest.csproj", "{E0F27922-AE0C-4DBF-ACC7-A8D0C16764CF}"
EndProject
Project("{FAE04EC0-301F-11D3-BF4B-00C04F79EFBC}") = "ServiceInterface", "ServiceInterface\ServiceInterface.csproj", "{21322F56-CED4-4254-8F37-B2D8C5CBF6E6}"
EndProject
Project("{FAE04EC0-301F-11D3-BF4B-00C04F79EFBC}") = "TextFormatter", "TextFormatter\TextFormatter.csproj", "{AE2AF3CF-FEF8-4226-AD9A-9A47C292553C}"
EndProject
Project("{FAE04EC0-301F-11D3-BF4B-00C04F79EFBC}") = "AttachBib", "AttachBib\AttachBib.csproj", "{1406A3DA-BA1E-47A9-A527-0D8D40D5F963}"
EndProject
Project("{FAE04EC0-301F-11D3-BF4B-00C04F79EFBC}") = "ChaKiDump", "ChaKiDump\ChaKiDump\ChaKiDump.csproj", "{19842823-C599-46B8-960A-6196A8D8A709}"
EndProject
Project("{FAE04EC0-301F-11D3-BF4B-00C04F79EFBC}") = "TagSetDefinitionEditor", "TagSetDefinitionEditor\TagSetDefinitionEditor.csproj", "{446B5EE7-BA2F-43D6-AC93-817C73CB50A3}"
EndProject
Project("{FAE04EC0-301F-11D3-BF4B-00C04F79EFBC}") = "ExportCorpus", "ExportCorpus\ExportCorpus.csproj", "{C5F84DFA-59DA-4D3F-8700-7ED8E61A8799}"
EndProject
Project("{FAE04EC0-301F-11D3-BF4B-00C04F79EFBC}") = "AddinsAddinSideAdapters", "Addins\AddinsAddinSideAdapters\AddinsAddinSideAdapters.csproj", "{BB96E64D-AAEA-4D81-BC9E-BC9693182BDC}"
EndProject
Project("{FAE04EC0-301F-11D3-BF4B-00C04F79EFBC}") = "AddinsHostSideAdapters", "Addins\AddinsHostSideAdapters\AddinsHostSideAdapters.csproj", "{4FFB4329-6C9D-45FE-BA91-DF5F4E831AB2}"
EndProject
Project("{FAE04EC0-301F-11D3-BF4B-00C04F79EFBC}") = "AddinsContracts", "Addins\AddinsContracts\AddinsContracts.csproj", "{42EC0653-192B-473E-8A3A-E0DF2B440129}"
EndProject
Project("{FAE04EC0-301F-11D3-BF4B-00C04F79EFBC}") = "AddinViews", "Addins\AddinViews\AddinViews.csproj", "{9ECC8796-59DE-4DD5-8729-9A6CB69572EA}"
EndProject
Project("{FAE04EC0-301F-11D3-BF4B-00C04F79EFBC}") = "AddinMiningFSM", "AddinMiningFSM\AddinMiningFSM.csproj", "{32CB7C95-565F-4D7C-B058-5EF3ABC189E0}"
EndProject
Project("{FAE04EC0-301F-11D3-BF4B-00C04F79EFBC}") = "AddinsHostSideViews", "Addins\AddinsHostSideViews\AddinsHostSideViews.csproj", "{C9BDF674-D43B-4B0C-ABDF-FACDD0C4A93E}"
EndProject
Project("{FAE04EC0-301F-11D3-BF4B-00C04F79EFBC}") = "JoinTest", "Test\JoinTest\JoinTest.csproj", "{4BCF31E3-31C5-46BF-8440-1FBF90C5F019}"
EndProject
Project("{FAE04EC0-301F-11D3-BF4B-00C04F79EFBC}") = "NativeCabochaTypes", "NativeCabochaTypes\NativeCabochaTypes.csproj", "{D792F565-2915-4794-9BF1-553B40E0DF63}"
EndProject
Project("{FAE04EC0-301F-11D3-BF4B-00C04F79EFBC}") = "DocEdit", "DocEdit\DocEdit.csproj", "{7030E3A1-AE7D-401A-813E-FDDDD2C04BAC}"
EndProject
Project("{FAE04EC0-301F-11D3-BF4B-00C04F79EFBC}") = "Timings", "Timings\Timings.csproj", "{08F9408D-2CC5-46FF-89A3-29A7564904BD}"
EndProject
Project("{FAE04EC0-301F-11D3-BF4B-00C04F79EFBC}") = "Text2Corpus", "Text2Corpus\Text2Corpus.csproj", "{8E7176FD-0BC5-4F46-A977-47559B96725D}"
EndProject
Project("{FAE04EC0-301F-11D3-BF4B-00C04F79EFBC}") = "ImportWordRelation", "ImportWordRelation\ImportWordRelation.csproj", "{596A2BAA-EF29-4DCF-9A45-A8A3D2A179F1}"
EndProject
Global
	GlobalSection(SubversionScc) = preSolution
		Svn-Managed = True
		Manager = AnkhSVN - Subversion Support for Visual Studio
	EndGlobalSection
	GlobalSection(SolutionConfigurationPlatforms) = preSolution
		ChaMame_Debug|Any CPU = ChaMame_Debug|Any CPU
		ChaMame_Debug|Mixed Platforms = ChaMame_Debug|Mixed Platforms
		ChaMame_Debug|Win32 = ChaMame_Debug|Win32
		ChaMame_Debug|x64 = ChaMame_Debug|x64
		ChaMame_Debug|x86 = ChaMame_Debug|x86
		ChaMame_Release|Any CPU = ChaMame_Release|Any CPU
		ChaMame_Release|Mixed Platforms = ChaMame_Release|Mixed Platforms
		ChaMame_Release|Win32 = ChaMame_Release|Win32
		ChaMame_Release|x64 = ChaMame_Release|x64
		ChaMame_Release|x86 = ChaMame_Release|x86
		Debug|Any CPU = Debug|Any CPU
		Debug|Mixed Platforms = Debug|Mixed Platforms
		Debug|Win32 = Debug|Win32
		Debug|x64 = Debug|x64
		Debug|x86 = Debug|x86
		Release|Any CPU = Release|Any CPU
		Release|Mixed Platforms = Release|Mixed Platforms
		Release|Win32 = Release|Win32
		Release|x64 = Release|x64
		Release|x86 = Release|x86
	EndGlobalSection
	GlobalSection(ProjectConfigurationPlatforms) = postSolution
		{F7E0E4F3-15FE-4480-8D38-01FA2F878AD8}.ChaMame_Debug|Any CPU.ActiveCfg = ChaMame_Debug|Any CPU
		{F7E0E4F3-15FE-4480-8D38-01FA2F878AD8}.ChaMame_Debug|Mixed Platforms.ActiveCfg = ChaMame_Debug|Any CPU
		{F7E0E4F3-15FE-4480-8D38-01FA2F878AD8}.ChaMame_Debug|Mixed Platforms.Build.0 = ChaMame_Debug|Any CPU
		{F7E0E4F3-15FE-4480-8D38-01FA2F878AD8}.ChaMame_Debug|Win32.ActiveCfg = ChaMame_Debug|Any CPU
		{F7E0E4F3-15FE-4480-8D38-01FA2F878AD8}.ChaMame_Debug|Win32.Build.0 = ChaMame_Debug|Any CPU
		{F7E0E4F3-15FE-4480-8D38-01FA2F878AD8}.ChaMame_Debug|x64.ActiveCfg = ChaMame_Debug|x64
		{F7E0E4F3-15FE-4480-8D38-01FA2F878AD8}.ChaMame_Debug|x64.Build.0 = ChaMame_Debug|x64
		{F7E0E4F3-15FE-4480-8D38-01FA2F878AD8}.ChaMame_Debug|x86.ActiveCfg = ChaMame_Debug|Any CPU
		{F7E0E4F3-15FE-4480-8D38-01FA2F878AD8}.ChaMame_Debug|x86.Build.0 = ChaMame_Debug|Any CPU
		{F7E0E4F3-15FE-4480-8D38-01FA2F878AD8}.ChaMame_Release|Any CPU.ActiveCfg = ChaMame_Release|Any CPU
		{F7E0E4F3-15FE-4480-8D38-01FA2F878AD8}.ChaMame_Release|Mixed Platforms.ActiveCfg = ChaMame_Release|Any CPU
		{F7E0E4F3-15FE-4480-8D38-01FA2F878AD8}.ChaMame_Release|Mixed Platforms.Build.0 = ChaMame_Release|Any CPU
		{F7E0E4F3-15FE-4480-8D38-01FA2F878AD8}.ChaMame_Release|Win32.ActiveCfg = ChaMame_Release|Any CPU
		{F7E0E4F3-15FE-4480-8D38-01FA2F878AD8}.ChaMame_Release|Win32.Build.0 = ChaMame_Release|Any CPU
		{F7E0E4F3-15FE-4480-8D38-01FA2F878AD8}.ChaMame_Release|x64.ActiveCfg = ChaMame_Release|x64
		{F7E0E4F3-15FE-4480-8D38-01FA2F878AD8}.ChaMame_Release|x64.Build.0 = ChaMame_Release|x64
		{F7E0E4F3-15FE-4480-8D38-01FA2F878AD8}.ChaMame_Release|x86.ActiveCfg = ChaMame_Release|Any CPU
		{F7E0E4F3-15FE-4480-8D38-01FA2F878AD8}.ChaMame_Release|x86.Build.0 = ChaMame_Release|Any CPU
		{F7E0E4F3-15FE-4480-8D38-01FA2F878AD8}.Debug|Any CPU.ActiveCfg = Debug|Any CPU
		{F7E0E4F3-15FE-4480-8D38-01FA2F878AD8}.Debug|Any CPU.Build.0 = Debug|Any CPU
		{F7E0E4F3-15FE-4480-8D38-01FA2F878AD8}.Debug|Mixed Platforms.ActiveCfg = Debug|Any CPU
		{F7E0E4F3-15FE-4480-8D38-01FA2F878AD8}.Debug|Mixed Platforms.Build.0 = Debug|Any CPU
		{F7E0E4F3-15FE-4480-8D38-01FA2F878AD8}.Debug|Win32.ActiveCfg = Debug|Any CPU
		{F7E0E4F3-15FE-4480-8D38-01FA2F878AD8}.Debug|x64.ActiveCfg = Debug|Any CPU
		{F7E0E4F3-15FE-4480-8D38-01FA2F878AD8}.Debug|x64.Build.0 = Debug|Any CPU
		{F7E0E4F3-15FE-4480-8D38-01FA2F878AD8}.Debug|x86.ActiveCfg = Debug|x64
		{F7E0E4F3-15FE-4480-8D38-01FA2F878AD8}.Release|Any CPU.ActiveCfg = Release|Any CPU
		{F7E0E4F3-15FE-4480-8D38-01FA2F878AD8}.Release|Any CPU.Build.0 = Release|Any CPU
		{F7E0E4F3-15FE-4480-8D38-01FA2F878AD8}.Release|Mixed Platforms.ActiveCfg = Release|Any CPU
		{F7E0E4F3-15FE-4480-8D38-01FA2F878AD8}.Release|Mixed Platforms.Build.0 = Release|Any CPU
		{F7E0E4F3-15FE-4480-8D38-01FA2F878AD8}.Release|Win32.ActiveCfg = Release|Any CPU
		{F7E0E4F3-15FE-4480-8D38-01FA2F878AD8}.Release|x64.ActiveCfg = Release|Any CPU
		{F7E0E4F3-15FE-4480-8D38-01FA2F878AD8}.Release|x64.Build.0 = Release|Any CPU
		{F7E0E4F3-15FE-4480-8D38-01FA2F878AD8}.Release|x86.ActiveCfg = Release|x64
		{B0C53F88-95C9-46D7-BDE2-6113D354EF5E}.ChaMame_Debug|Any CPU.ActiveCfg = ChaMame_Debug|Any CPU
		{B0C53F88-95C9-46D7-BDE2-6113D354EF5E}.ChaMame_Debug|Any CPU.Build.0 = ChaMame_Debug|Any CPU
		{B0C53F88-95C9-46D7-BDE2-6113D354EF5E}.ChaMame_Debug|Mixed Platforms.ActiveCfg = ChaMame_Debug|Any CPU
		{B0C53F88-95C9-46D7-BDE2-6113D354EF5E}.ChaMame_Debug|Mixed Platforms.Build.0 = ChaMame_Debug|Any CPU
		{B0C53F88-95C9-46D7-BDE2-6113D354EF5E}.ChaMame_Debug|Win32.ActiveCfg = ChaMame_Debug|Any CPU
		{B0C53F88-95C9-46D7-BDE2-6113D354EF5E}.ChaMame_Debug|Win32.Build.0 = ChaMame_Debug|Any CPU
		{B0C53F88-95C9-46D7-BDE2-6113D354EF5E}.ChaMame_Debug|x64.ActiveCfg = ChaMame_Debug|x64
		{B0C53F88-95C9-46D7-BDE2-6113D354EF5E}.ChaMame_Debug|x64.Build.0 = ChaMame_Debug|x64
		{B0C53F88-95C9-46D7-BDE2-6113D354EF5E}.ChaMame_Debug|x86.ActiveCfg = ChaMame_Debug|Any CPU
		{B0C53F88-95C9-46D7-BDE2-6113D354EF5E}.ChaMame_Debug|x86.Build.0 = ChaMame_Debug|Any CPU
		{B0C53F88-95C9-46D7-BDE2-6113D354EF5E}.ChaMame_Release|Any CPU.ActiveCfg = ChaMame_Release|Any CPU
		{B0C53F88-95C9-46D7-BDE2-6113D354EF5E}.ChaMame_Release|Any CPU.Build.0 = ChaMame_Release|Any CPU
		{B0C53F88-95C9-46D7-BDE2-6113D354EF5E}.ChaMame_Release|Mixed Platforms.ActiveCfg = ChaMame_Release|Any CPU
		{B0C53F88-95C9-46D7-BDE2-6113D354EF5E}.ChaMame_Release|Mixed Platforms.Build.0 = ChaMame_Release|Any CPU
		{B0C53F88-95C9-46D7-BDE2-6113D354EF5E}.ChaMame_Release|Win32.ActiveCfg = ChaMame_Release|Any CPU
		{B0C53F88-95C9-46D7-BDE2-6113D354EF5E}.ChaMame_Release|Win32.Build.0 = ChaMame_Release|Any CPU
		{B0C53F88-95C9-46D7-BDE2-6113D354EF5E}.ChaMame_Release|x64.ActiveCfg = ChaMame_Release|x64
		{B0C53F88-95C9-46D7-BDE2-6113D354EF5E}.ChaMame_Release|x64.Build.0 = ChaMame_Release|x64
		{B0C53F88-95C9-46D7-BDE2-6113D354EF5E}.ChaMame_Release|x86.ActiveCfg = ChaMame_Release|Any CPU
		{B0C53F88-95C9-46D7-BDE2-6113D354EF5E}.ChaMame_Release|x86.Build.0 = ChaMame_Release|Any CPU
		{B0C53F88-95C9-46D7-BDE2-6113D354EF5E}.Debug|Any CPU.ActiveCfg = Debug|Any CPU
		{B0C53F88-95C9-46D7-BDE2-6113D354EF5E}.Debug|Any CPU.Build.0 = Debug|Any CPU
		{B0C53F88-95C9-46D7-BDE2-6113D354EF5E}.Debug|Mixed Platforms.ActiveCfg = Debug|Any CPU
		{B0C53F88-95C9-46D7-BDE2-6113D354EF5E}.Debug|Mixed Platforms.Build.0 = Debug|Any CPU
		{B0C53F88-95C9-46D7-BDE2-6113D354EF5E}.Debug|Win32.ActiveCfg = Debug|Any CPU
		{B0C53F88-95C9-46D7-BDE2-6113D354EF5E}.Debug|x64.ActiveCfg = Debug|Any CPU
		{B0C53F88-95C9-46D7-BDE2-6113D354EF5E}.Debug|x86.ActiveCfg = Debug|x64
		{B0C53F88-95C9-46D7-BDE2-6113D354EF5E}.Release|Any CPU.ActiveCfg = Release|Any CPU
		{B0C53F88-95C9-46D7-BDE2-6113D354EF5E}.Release|Any CPU.Build.0 = Release|Any CPU
		{B0C53F88-95C9-46D7-BDE2-6113D354EF5E}.Release|Mixed Platforms.ActiveCfg = Release|Any CPU
		{B0C53F88-95C9-46D7-BDE2-6113D354EF5E}.Release|Mixed Platforms.Build.0 = Release|Any CPU
		{B0C53F88-95C9-46D7-BDE2-6113D354EF5E}.Release|Win32.ActiveCfg = Release|Any CPU
		{B0C53F88-95C9-46D7-BDE2-6113D354EF5E}.Release|x64.ActiveCfg = Release|Any CPU
		{B0C53F88-95C9-46D7-BDE2-6113D354EF5E}.Release|x64.Build.0 = Release|Any CPU
		{B0C53F88-95C9-46D7-BDE2-6113D354EF5E}.Release|x86.ActiveCfg = Release|x64
		{D7ADF4FF-56F3-44EC-9015-DA9E6CE8DFD9}.ChaMame_Debug|Any CPU.ActiveCfg = ChaMame_Debug|Any CPU
		{D7ADF4FF-56F3-44EC-9015-DA9E6CE8DFD9}.ChaMame_Debug|Mixed Platforms.ActiveCfg = ChaMame_Debug|Any CPU
		{D7ADF4FF-56F3-44EC-9015-DA9E6CE8DFD9}.ChaMame_Debug|Mixed Platforms.Build.0 = ChaMame_Debug|Any CPU
		{D7ADF4FF-56F3-44EC-9015-DA9E6CE8DFD9}.ChaMame_Debug|Win32.ActiveCfg = ChaMame_Debug|Any CPU
		{D7ADF4FF-56F3-44EC-9015-DA9E6CE8DFD9}.ChaMame_Debug|Win32.Build.0 = ChaMame_Debug|Any CPU
		{D7ADF4FF-56F3-44EC-9015-DA9E6CE8DFD9}.ChaMame_Debug|x64.ActiveCfg = ChaMame_Debug|x64
		{D7ADF4FF-56F3-44EC-9015-DA9E6CE8DFD9}.ChaMame_Debug|x64.Build.0 = ChaMame_Debug|x64
		{D7ADF4FF-56F3-44EC-9015-DA9E6CE8DFD9}.ChaMame_Debug|x86.ActiveCfg = ChaMame_Debug|Any CPU
		{D7ADF4FF-56F3-44EC-9015-DA9E6CE8DFD9}.ChaMame_Debug|x86.Build.0 = ChaMame_Debug|Any CPU
		{D7ADF4FF-56F3-44EC-9015-DA9E6CE8DFD9}.ChaMame_Release|Any CPU.ActiveCfg = ChaMame_Release|Any CPU
		{D7ADF4FF-56F3-44EC-9015-DA9E6CE8DFD9}.ChaMame_Release|Mixed Platforms.ActiveCfg = ChaMame_Release|Any CPU
		{D7ADF4FF-56F3-44EC-9015-DA9E6CE8DFD9}.ChaMame_Release|Mixed Platforms.Build.0 = ChaMame_Release|Any CPU
		{D7ADF4FF-56F3-44EC-9015-DA9E6CE8DFD9}.ChaMame_Release|Win32.ActiveCfg = ChaMame_Release|Any CPU
		{D7ADF4FF-56F3-44EC-9015-DA9E6CE8DFD9}.ChaMame_Release|Win32.Build.0 = ChaMame_Release|Any CPU
		{D7ADF4FF-56F3-44EC-9015-DA9E6CE8DFD9}.ChaMame_Release|x64.ActiveCfg = ChaMame_Release|x64
		{D7ADF4FF-56F3-44EC-9015-DA9E6CE8DFD9}.ChaMame_Release|x64.Build.0 = ChaMame_Release|x64
		{D7ADF4FF-56F3-44EC-9015-DA9E6CE8DFD9}.ChaMame_Release|x86.ActiveCfg = ChaMame_Release|Any CPU
		{D7ADF4FF-56F3-44EC-9015-DA9E6CE8DFD9}.ChaMame_Release|x86.Build.0 = ChaMame_Release|Any CPU
		{D7ADF4FF-56F3-44EC-9015-DA9E6CE8DFD9}.Debug|Any CPU.ActiveCfg = Debug|Any CPU
		{D7ADF4FF-56F3-44EC-9015-DA9E6CE8DFD9}.Debug|Any CPU.Build.0 = Debug|Any CPU
		{D7ADF4FF-56F3-44EC-9015-DA9E6CE8DFD9}.Debug|Mixed Platforms.ActiveCfg = Debug|Any CPU
		{D7ADF4FF-56F3-44EC-9015-DA9E6CE8DFD9}.Debug|Mixed Platforms.Build.0 = Debug|Any CPU
		{D7ADF4FF-56F3-44EC-9015-DA9E6CE8DFD9}.Debug|Win32.ActiveCfg = Debug|Any CPU
		{D7ADF4FF-56F3-44EC-9015-DA9E6CE8DFD9}.Debug|x64.ActiveCfg = Debug|x64
		{D7ADF4FF-56F3-44EC-9015-DA9E6CE8DFD9}.Debug|x86.ActiveCfg = Debug|x64
		{D7ADF4FF-56F3-44EC-9015-DA9E6CE8DFD9}.Release|Any CPU.ActiveCfg = Release|Any CPU
		{D7ADF4FF-56F3-44EC-9015-DA9E6CE8DFD9}.Release|Any CPU.Build.0 = Release|Any CPU
		{D7ADF4FF-56F3-44EC-9015-DA9E6CE8DFD9}.Release|Mixed Platforms.ActiveCfg = Release|Any CPU
		{D7ADF4FF-56F3-44EC-9015-DA9E6CE8DFD9}.Release|Mixed Platforms.Build.0 = Release|Any CPU
		{D7ADF4FF-56F3-44EC-9015-DA9E6CE8DFD9}.Release|Win32.ActiveCfg = Release|Any CPU
		{D7ADF4FF-56F3-44EC-9015-DA9E6CE8DFD9}.Release|x64.ActiveCfg = Release|Any CPU
		{D7ADF4FF-56F3-44EC-9015-DA9E6CE8DFD9}.Release|x64.Build.0 = Release|Any CPU
		{D7ADF4FF-56F3-44EC-9015-DA9E6CE8DFD9}.Release|x86.ActiveCfg = Release|x64
		{76EC3360-4EDF-4BB9-B0CC-A9430844A2F7}.ChaMame_Debug|Any CPU.ActiveCfg = ChaMame_Debug|Any CPU
		{76EC3360-4EDF-4BB9-B0CC-A9430844A2F7}.ChaMame_Debug|Mixed Platforms.ActiveCfg = ChaMame_Debug|Any CPU
		{76EC3360-4EDF-4BB9-B0CC-A9430844A2F7}.ChaMame_Debug|Mixed Platforms.Build.0 = ChaMame_Debug|Any CPU
		{76EC3360-4EDF-4BB9-B0CC-A9430844A2F7}.ChaMame_Debug|Win32.ActiveCfg = ChaMame_Debug|Any CPU
		{76EC3360-4EDF-4BB9-B0CC-A9430844A2F7}.ChaMame_Debug|Win32.Build.0 = ChaMame_Debug|Any CPU
		{76EC3360-4EDF-4BB9-B0CC-A9430844A2F7}.ChaMame_Debug|x64.ActiveCfg = ChaMame_Debug|x64
		{76EC3360-4EDF-4BB9-B0CC-A9430844A2F7}.ChaMame_Debug|x64.Build.0 = ChaMame_Debug|x64
		{76EC3360-4EDF-4BB9-B0CC-A9430844A2F7}.ChaMame_Debug|x86.ActiveCfg = ChaMame_Debug|Any CPU
		{76EC3360-4EDF-4BB9-B0CC-A9430844A2F7}.ChaMame_Debug|x86.Build.0 = ChaMame_Debug|Any CPU
		{76EC3360-4EDF-4BB9-B0CC-A9430844A2F7}.ChaMame_Release|Any CPU.ActiveCfg = ChaMame_Release|Any CPU
		{76EC3360-4EDF-4BB9-B0CC-A9430844A2F7}.ChaMame_Release|Mixed Platforms.ActiveCfg = ChaMame_Release|Any CPU
		{76EC3360-4EDF-4BB9-B0CC-A9430844A2F7}.ChaMame_Release|Mixed Platforms.Build.0 = ChaMame_Release|Any CPU
		{76EC3360-4EDF-4BB9-B0CC-A9430844A2F7}.ChaMame_Release|Win32.ActiveCfg = ChaMame_Release|Any CPU
		{76EC3360-4EDF-4BB9-B0CC-A9430844A2F7}.ChaMame_Release|Win32.Build.0 = ChaMame_Release|Any CPU
		{76EC3360-4EDF-4BB9-B0CC-A9430844A2F7}.ChaMame_Release|x64.ActiveCfg = ChaMame_Release|x64
		{76EC3360-4EDF-4BB9-B0CC-A9430844A2F7}.ChaMame_Release|x64.Build.0 = ChaMame_Release|x64
		{76EC3360-4EDF-4BB9-B0CC-A9430844A2F7}.ChaMame_Release|x86.ActiveCfg = ChaMame_Release|Any CPU
		{76EC3360-4EDF-4BB9-B0CC-A9430844A2F7}.ChaMame_Release|x86.Build.0 = ChaMame_Release|Any CPU
		{76EC3360-4EDF-4BB9-B0CC-A9430844A2F7}.Debug|Any CPU.ActiveCfg = Debug|Any CPU
		{76EC3360-4EDF-4BB9-B0CC-A9430844A2F7}.Debug|Any CPU.Build.0 = Debug|Any CPU
		{76EC3360-4EDF-4BB9-B0CC-A9430844A2F7}.Debug|Mixed Platforms.ActiveCfg = Debug|Any CPU
		{76EC3360-4EDF-4BB9-B0CC-A9430844A2F7}.Debug|Mixed Platforms.Build.0 = Debug|Any CPU
		{76EC3360-4EDF-4BB9-B0CC-A9430844A2F7}.Debug|Win32.ActiveCfg = Debug|Any CPU
		{76EC3360-4EDF-4BB9-B0CC-A9430844A2F7}.Debug|x64.ActiveCfg = Debug|x64
		{76EC3360-4EDF-4BB9-B0CC-A9430844A2F7}.Debug|x86.ActiveCfg = Debug|x64
		{76EC3360-4EDF-4BB9-B0CC-A9430844A2F7}.Release|Any CPU.ActiveCfg = Release|Any CPU
		{76EC3360-4EDF-4BB9-B0CC-A9430844A2F7}.Release|Any CPU.Build.0 = Release|Any CPU
		{76EC3360-4EDF-4BB9-B0CC-A9430844A2F7}.Release|Mixed Platforms.ActiveCfg = Release|Any CPU
		{76EC3360-4EDF-4BB9-B0CC-A9430844A2F7}.Release|Mixed Platforms.Build.0 = Release|Any CPU
		{76EC3360-4EDF-4BB9-B0CC-A9430844A2F7}.Release|Win32.ActiveCfg = Release|Any CPU
		{76EC3360-4EDF-4BB9-B0CC-A9430844A2F7}.Release|x64.ActiveCfg = Release|Any CPU
		{76EC3360-4EDF-4BB9-B0CC-A9430844A2F7}.Release|x64.Build.0 = Release|Any CPU
		{76EC3360-4EDF-4BB9-B0CC-A9430844A2F7}.Release|x86.ActiveCfg = Release|x64
		{E61D7669-E929-4DCB-98E3-3B4FA40FFCAC}.ChaMame_Debug|Any CPU.ActiveCfg = ChaMame_Debug|Any CPU
		{E61D7669-E929-4DCB-98E3-3B4FA40FFCAC}.ChaMame_Debug|Mixed Platforms.ActiveCfg = ChaMame_Debug|Any CPU
		{E61D7669-E929-4DCB-98E3-3B4FA40FFCAC}.ChaMame_Debug|Mixed Platforms.Build.0 = ChaMame_Debug|Any CPU
		{E61D7669-E929-4DCB-98E3-3B4FA40FFCAC}.ChaMame_Debug|Win32.ActiveCfg = ChaMame_Debug|Any CPU
		{E61D7669-E929-4DCB-98E3-3B4FA40FFCAC}.ChaMame_Debug|Win32.Build.0 = ChaMame_Debug|Any CPU
		{E61D7669-E929-4DCB-98E3-3B4FA40FFCAC}.ChaMame_Debug|x64.ActiveCfg = ChaMame_Debug|x64
		{E61D7669-E929-4DCB-98E3-3B4FA40FFCAC}.ChaMame_Debug|x64.Build.0 = ChaMame_Debug|x64
		{E61D7669-E929-4DCB-98E3-3B4FA40FFCAC}.ChaMame_Debug|x86.ActiveCfg = ChaMame_Debug|Any CPU
		{E61D7669-E929-4DCB-98E3-3B4FA40FFCAC}.ChaMame_Debug|x86.Build.0 = ChaMame_Debug|Any CPU
		{E61D7669-E929-4DCB-98E3-3B4FA40FFCAC}.ChaMame_Release|Any CPU.ActiveCfg = ChaMame_Release|Any CPU
		{E61D7669-E929-4DCB-98E3-3B4FA40FFCAC}.ChaMame_Release|Mixed Platforms.ActiveCfg = ChaMame_Release|Any CPU
		{E61D7669-E929-4DCB-98E3-3B4FA40FFCAC}.ChaMame_Release|Mixed Platforms.Build.0 = ChaMame_Release|Any CPU
		{E61D7669-E929-4DCB-98E3-3B4FA40FFCAC}.ChaMame_Release|Win32.ActiveCfg = ChaMame_Release|Any CPU
		{E61D7669-E929-4DCB-98E3-3B4FA40FFCAC}.ChaMame_Release|Win32.Build.0 = ChaMame_Release|Any CPU
		{E61D7669-E929-4DCB-98E3-3B4FA40FFCAC}.ChaMame_Release|x64.ActiveCfg = ChaMame_Release|x64
		{E61D7669-E929-4DCB-98E3-3B4FA40FFCAC}.ChaMame_Release|x64.Build.0 = ChaMame_Release|x64
		{E61D7669-E929-4DCB-98E3-3B4FA40FFCAC}.ChaMame_Release|x86.ActiveCfg = ChaMame_Release|Any CPU
		{E61D7669-E929-4DCB-98E3-3B4FA40FFCAC}.ChaMame_Release|x86.Build.0 = ChaMame_Release|Any CPU
		{E61D7669-E929-4DCB-98E3-3B4FA40FFCAC}.Debug|Any CPU.ActiveCfg = Debug|Any CPU
		{E61D7669-E929-4DCB-98E3-3B4FA40FFCAC}.Debug|Any CPU.Build.0 = Debug|Any CPU
		{E61D7669-E929-4DCB-98E3-3B4FA40FFCAC}.Debug|Mixed Platforms.ActiveCfg = Debug|Any CPU
		{E61D7669-E929-4DCB-98E3-3B4FA40FFCAC}.Debug|Mixed Platforms.Build.0 = Debug|Any CPU
		{E61D7669-E929-4DCB-98E3-3B4FA40FFCAC}.Debug|Win32.ActiveCfg = Debug|Any CPU
		{E61D7669-E929-4DCB-98E3-3B4FA40FFCAC}.Debug|x64.ActiveCfg = Debug|Any CPU
		{E61D7669-E929-4DCB-98E3-3B4FA40FFCAC}.Debug|x86.ActiveCfg = Debug|x64
		{E61D7669-E929-4DCB-98E3-3B4FA40FFCAC}.Release|Any CPU.ActiveCfg = Release|Any CPU
		{E61D7669-E929-4DCB-98E3-3B4FA40FFCAC}.Release|Any CPU.Build.0 = Release|Any CPU
		{E61D7669-E929-4DCB-98E3-3B4FA40FFCAC}.Release|Mixed Platforms.ActiveCfg = Release|Any CPU
		{E61D7669-E929-4DCB-98E3-3B4FA40FFCAC}.Release|Mixed Platforms.Build.0 = Release|Any CPU
		{E61D7669-E929-4DCB-98E3-3B4FA40FFCAC}.Release|Win32.ActiveCfg = Release|Any CPU
		{E61D7669-E929-4DCB-98E3-3B4FA40FFCAC}.Release|x64.ActiveCfg = Release|Any CPU
		{E61D7669-E929-4DCB-98E3-3B4FA40FFCAC}.Release|x64.Build.0 = Release|Any CPU
		{E61D7669-E929-4DCB-98E3-3B4FA40FFCAC}.Release|x86.ActiveCfg = Release|x64
		{7D86F989-177E-4804-9C7D-FBA4DCE0E4F1}.ChaMame_Debug|Any CPU.ActiveCfg = ChaMame_Debug|Any CPU
		{7D86F989-177E-4804-9C7D-FBA4DCE0E4F1}.ChaMame_Debug|Mixed Platforms.ActiveCfg = ChaMame_Debug|Any CPU
		{7D86F989-177E-4804-9C7D-FBA4DCE0E4F1}.ChaMame_Debug|Mixed Platforms.Build.0 = ChaMame_Debug|Any CPU
		{7D86F989-177E-4804-9C7D-FBA4DCE0E4F1}.ChaMame_Debug|Win32.ActiveCfg = ChaMame_Debug|Any CPU
		{7D86F989-177E-4804-9C7D-FBA4DCE0E4F1}.ChaMame_Debug|Win32.Build.0 = ChaMame_Debug|Any CPU
		{7D86F989-177E-4804-9C7D-FBA4DCE0E4F1}.ChaMame_Debug|x64.ActiveCfg = ChaMame_Debug|x64
		{7D86F989-177E-4804-9C7D-FBA4DCE0E4F1}.ChaMame_Debug|x64.Build.0 = ChaMame_Debug|x64
		{7D86F989-177E-4804-9C7D-FBA4DCE0E4F1}.ChaMame_Debug|x86.ActiveCfg = ChaMame_Debug|Any CPU
		{7D86F989-177E-4804-9C7D-FBA4DCE0E4F1}.ChaMame_Debug|x86.Build.0 = ChaMame_Debug|Any CPU
		{7D86F989-177E-4804-9C7D-FBA4DCE0E4F1}.ChaMame_Release|Any CPU.ActiveCfg = ChaMame_Release|Any CPU
		{7D86F989-177E-4804-9C7D-FBA4DCE0E4F1}.ChaMame_Release|Mixed Platforms.ActiveCfg = ChaMame_Release|Any CPU
		{7D86F989-177E-4804-9C7D-FBA4DCE0E4F1}.ChaMame_Release|Mixed Platforms.Build.0 = ChaMame_Release|Any CPU
		{7D86F989-177E-4804-9C7D-FBA4DCE0E4F1}.ChaMame_Release|Win32.ActiveCfg = ChaMame_Release|Any CPU
		{7D86F989-177E-4804-9C7D-FBA4DCE0E4F1}.ChaMame_Release|Win32.Build.0 = ChaMame_Release|Any CPU
		{7D86F989-177E-4804-9C7D-FBA4DCE0E4F1}.ChaMame_Release|x64.ActiveCfg = ChaMame_Release|x64
		{7D86F989-177E-4804-9C7D-FBA4DCE0E4F1}.ChaMame_Release|x64.Build.0 = ChaMame_Release|x64
		{7D86F989-177E-4804-9C7D-FBA4DCE0E4F1}.ChaMame_Release|x86.ActiveCfg = ChaMame_Release|Any CPU
		{7D86F989-177E-4804-9C7D-FBA4DCE0E4F1}.ChaMame_Release|x86.Build.0 = ChaMame_Release|Any CPU
		{7D86F989-177E-4804-9C7D-FBA4DCE0E4F1}.Debug|Any CPU.ActiveCfg = Debug|Any CPU
		{7D86F989-177E-4804-9C7D-FBA4DCE0E4F1}.Debug|Any CPU.Build.0 = Debug|Any CPU
		{7D86F989-177E-4804-9C7D-FBA4DCE0E4F1}.Debug|Mixed Platforms.ActiveCfg = Debug|Any CPU
		{7D86F989-177E-4804-9C7D-FBA4DCE0E4F1}.Debug|Mixed Platforms.Build.0 = Debug|Any CPU
		{7D86F989-177E-4804-9C7D-FBA4DCE0E4F1}.Debug|Win32.ActiveCfg = Debug|Any CPU
		{7D86F989-177E-4804-9C7D-FBA4DCE0E4F1}.Debug|x64.ActiveCfg = Debug|Any CPU
		{7D86F989-177E-4804-9C7D-FBA4DCE0E4F1}.Debug|x86.ActiveCfg = Debug|x64
		{7D86F989-177E-4804-9C7D-FBA4DCE0E4F1}.Release|Any CPU.ActiveCfg = Release|Any CPU
		{7D86F989-177E-4804-9C7D-FBA4DCE0E4F1}.Release|Any CPU.Build.0 = Release|Any CPU
		{7D86F989-177E-4804-9C7D-FBA4DCE0E4F1}.Release|Mixed Platforms.ActiveCfg = Release|Any CPU
		{7D86F989-177E-4804-9C7D-FBA4DCE0E4F1}.Release|Mixed Platforms.Build.0 = Release|Any CPU
		{7D86F989-177E-4804-9C7D-FBA4DCE0E4F1}.Release|Win32.ActiveCfg = Release|Any CPU
		{7D86F989-177E-4804-9C7D-FBA4DCE0E4F1}.Release|x64.ActiveCfg = Release|Any CPU
		{7D86F989-177E-4804-9C7D-FBA4DCE0E4F1}.Release|x64.Build.0 = Release|Any CPU
		{7D86F989-177E-4804-9C7D-FBA4DCE0E4F1}.Release|x86.ActiveCfg = Release|x64
		{B9B0121C-BD6C-496E-8573-5A2CB440242A}.ChaMame_Debug|Any CPU.ActiveCfg = ChaMame_Debug|Any CPU
		{B9B0121C-BD6C-496E-8573-5A2CB440242A}.ChaMame_Debug|Any CPU.Build.0 = ChaMame_Debug|Any CPU
		{B9B0121C-BD6C-496E-8573-5A2CB440242A}.ChaMame_Debug|Mixed Platforms.ActiveCfg = ChaMame_Debug|Any CPU
		{B9B0121C-BD6C-496E-8573-5A2CB440242A}.ChaMame_Debug|Mixed Platforms.Build.0 = ChaMame_Debug|Any CPU
		{B9B0121C-BD6C-496E-8573-5A2CB440242A}.ChaMame_Debug|Win32.ActiveCfg = ChaMame_Debug|Any CPU
		{B9B0121C-BD6C-496E-8573-5A2CB440242A}.ChaMame_Debug|Win32.Build.0 = ChaMame_Debug|Any CPU
		{B9B0121C-BD6C-496E-8573-5A2CB440242A}.ChaMame_Debug|x64.ActiveCfg = ChaMame_Debug|x64
		{B9B0121C-BD6C-496E-8573-5A2CB440242A}.ChaMame_Debug|x64.Build.0 = ChaMame_Debug|x64
		{B9B0121C-BD6C-496E-8573-5A2CB440242A}.ChaMame_Debug|x86.ActiveCfg = ChaMame_Debug|Any CPU
		{B9B0121C-BD6C-496E-8573-5A2CB440242A}.ChaMame_Debug|x86.Build.0 = ChaMame_Debug|Any CPU
		{B9B0121C-BD6C-496E-8573-5A2CB440242A}.ChaMame_Release|Any CPU.ActiveCfg = ChaMame_Release|Any CPU
		{B9B0121C-BD6C-496E-8573-5A2CB440242A}.ChaMame_Release|Any CPU.Build.0 = ChaMame_Release|Any CPU
		{B9B0121C-BD6C-496E-8573-5A2CB440242A}.ChaMame_Release|Mixed Platforms.ActiveCfg = ChaMame_Release|Any CPU
		{B9B0121C-BD6C-496E-8573-5A2CB440242A}.ChaMame_Release|Mixed Platforms.Build.0 = ChaMame_Release|Any CPU
		{B9B0121C-BD6C-496E-8573-5A2CB440242A}.ChaMame_Release|Win32.ActiveCfg = ChaMame_Release|Any CPU
		{B9B0121C-BD6C-496E-8573-5A2CB440242A}.ChaMame_Release|Win32.Build.0 = ChaMame_Release|Any CPU
		{B9B0121C-BD6C-496E-8573-5A2CB440242A}.ChaMame_Release|x64.ActiveCfg = ChaMame_Release|x64
		{B9B0121C-BD6C-496E-8573-5A2CB440242A}.ChaMame_Release|x64.Build.0 = ChaMame_Release|x64
		{B9B0121C-BD6C-496E-8573-5A2CB440242A}.ChaMame_Release|x86.ActiveCfg = ChaMame_Release|Any CPU
		{B9B0121C-BD6C-496E-8573-5A2CB440242A}.ChaMame_Release|x86.Build.0 = ChaMame_Release|Any CPU
		{B9B0121C-BD6C-496E-8573-5A2CB440242A}.Debug|Any CPU.ActiveCfg = Debug|Any CPU
		{B9B0121C-BD6C-496E-8573-5A2CB440242A}.Debug|Any CPU.Build.0 = Debug|Any CPU
		{B9B0121C-BD6C-496E-8573-5A2CB440242A}.Debug|Mixed Platforms.ActiveCfg = Debug|Any CPU
		{B9B0121C-BD6C-496E-8573-5A2CB440242A}.Debug|Mixed Platforms.Build.0 = Debug|Any CPU
		{B9B0121C-BD6C-496E-8573-5A2CB440242A}.Debug|Win32.ActiveCfg = Debug|Any CPU
		{B9B0121C-BD6C-496E-8573-5A2CB440242A}.Debug|x64.ActiveCfg = Debug|Any CPU
		{B9B0121C-BD6C-496E-8573-5A2CB440242A}.Debug|x86.ActiveCfg = Debug|x64
		{B9B0121C-BD6C-496E-8573-5A2CB440242A}.Release|Any CPU.ActiveCfg = Release|Any CPU
		{B9B0121C-BD6C-496E-8573-5A2CB440242A}.Release|Any CPU.Build.0 = Release|Any CPU
		{B9B0121C-BD6C-496E-8573-5A2CB440242A}.Release|Mixed Platforms.ActiveCfg = Release|Any CPU
		{B9B0121C-BD6C-496E-8573-5A2CB440242A}.Release|Mixed Platforms.Build.0 = Release|Any CPU
		{B9B0121C-BD6C-496E-8573-5A2CB440242A}.Release|Win32.ActiveCfg = Release|Any CPU
		{B9B0121C-BD6C-496E-8573-5A2CB440242A}.Release|x64.ActiveCfg = Release|Any CPU
		{B9B0121C-BD6C-496E-8573-5A2CB440242A}.Release|x64.Build.0 = Release|Any CPU
		{B9B0121C-BD6C-496E-8573-5A2CB440242A}.Release|x86.ActiveCfg = Release|x64
		{E0F27922-AE0C-4DBF-ACC7-A8D0C16764CF}.ChaMame_Debug|Any CPU.ActiveCfg = ChaMame_Debug|Any CPU
		{E0F27922-AE0C-4DBF-ACC7-A8D0C16764CF}.ChaMame_Debug|Mixed Platforms.ActiveCfg = ChaMame_Debug|Any CPU
		{E0F27922-AE0C-4DBF-ACC7-A8D0C16764CF}.ChaMame_Debug|Mixed Platforms.Build.0 = ChaMame_Debug|Any CPU
		{E0F27922-AE0C-4DBF-ACC7-A8D0C16764CF}.ChaMame_Debug|Win32.ActiveCfg = ChaMame_Debug|Any CPU
		{E0F27922-AE0C-4DBF-ACC7-A8D0C16764CF}.ChaMame_Debug|Win32.Build.0 = ChaMame_Debug|Any CPU
		{E0F27922-AE0C-4DBF-ACC7-A8D0C16764CF}.ChaMame_Debug|x64.ActiveCfg = ChaMame_Debug|x64
		{E0F27922-AE0C-4DBF-ACC7-A8D0C16764CF}.ChaMame_Debug|x64.Build.0 = ChaMame_Debug|x64
		{E0F27922-AE0C-4DBF-ACC7-A8D0C16764CF}.ChaMame_Debug|x86.ActiveCfg = ChaMame_Debug|Any CPU
		{E0F27922-AE0C-4DBF-ACC7-A8D0C16764CF}.ChaMame_Debug|x86.Build.0 = ChaMame_Debug|Any CPU
		{E0F27922-AE0C-4DBF-ACC7-A8D0C16764CF}.ChaMame_Release|Any CPU.ActiveCfg = ChaMame_Release|Any CPU
		{E0F27922-AE0C-4DBF-ACC7-A8D0C16764CF}.ChaMame_Release|Mixed Platforms.ActiveCfg = ChaMame_Release|Any CPU
		{E0F27922-AE0C-4DBF-ACC7-A8D0C16764CF}.ChaMame_Release|Mixed Platforms.Build.0 = ChaMame_Release|Any CPU
		{E0F27922-AE0C-4DBF-ACC7-A8D0C16764CF}.ChaMame_Release|Win32.ActiveCfg = ChaMame_Release|Any CPU
		{E0F27922-AE0C-4DBF-ACC7-A8D0C16764CF}.ChaMame_Release|Win32.Build.0 = ChaMame_Release|Any CPU
		{E0F27922-AE0C-4DBF-ACC7-A8D0C16764CF}.ChaMame_Release|x64.ActiveCfg = ChaMame_Release|x64
		{E0F27922-AE0C-4DBF-ACC7-A8D0C16764CF}.ChaMame_Release|x64.Build.0 = ChaMame_Release|x64
		{E0F27922-AE0C-4DBF-ACC7-A8D0C16764CF}.ChaMame_Release|x86.ActiveCfg = ChaMame_Release|Any CPU
		{E0F27922-AE0C-4DBF-ACC7-A8D0C16764CF}.ChaMame_Release|x86.Build.0 = ChaMame_Release|Any CPU
		{E0F27922-AE0C-4DBF-ACC7-A8D0C16764CF}.Debug|Any CPU.ActiveCfg = Debug|Any CPU
		{E0F27922-AE0C-4DBF-ACC7-A8D0C16764CF}.Debug|Any CPU.Build.0 = Debug|Any CPU
		{E0F27922-AE0C-4DBF-ACC7-A8D0C16764CF}.Debug|Mixed Platforms.ActiveCfg = Debug|Any CPU
		{E0F27922-AE0C-4DBF-ACC7-A8D0C16764CF}.Debug|Mixed Platforms.Build.0 = Debug|Any CPU
		{E0F27922-AE0C-4DBF-ACC7-A8D0C16764CF}.Debug|Win32.ActiveCfg = Debug|Any CPU
		{E0F27922-AE0C-4DBF-ACC7-A8D0C16764CF}.Debug|x64.ActiveCfg = Debug|x64
		{E0F27922-AE0C-4DBF-ACC7-A8D0C16764CF}.Debug|x86.ActiveCfg = Debug|x64
		{E0F27922-AE0C-4DBF-ACC7-A8D0C16764CF}.Release|Any CPU.ActiveCfg = Release|Any CPU
		{E0F27922-AE0C-4DBF-ACC7-A8D0C16764CF}.Release|Any CPU.Build.0 = Release|Any CPU
		{E0F27922-AE0C-4DBF-ACC7-A8D0C16764CF}.Release|Mixed Platforms.ActiveCfg = Release|Any CPU
		{E0F27922-AE0C-4DBF-ACC7-A8D0C16764CF}.Release|Mixed Platforms.Build.0 = Release|Any CPU
		{E0F27922-AE0C-4DBF-ACC7-A8D0C16764CF}.Release|Win32.ActiveCfg = Release|Any CPU
		{E0F27922-AE0C-4DBF-ACC7-A8D0C16764CF}.Release|x64.ActiveCfg = Release|Any CPU
		{E0F27922-AE0C-4DBF-ACC7-A8D0C16764CF}.Release|x86.ActiveCfg = Release|x64
		{21322F56-CED4-4254-8F37-B2D8C5CBF6E6}.ChaMame_Debug|Any CPU.ActiveCfg = ChaMame_Debug|Any CPU
		{21322F56-CED4-4254-8F37-B2D8C5CBF6E6}.ChaMame_Debug|Mixed Platforms.ActiveCfg = ChaMame_Debug|Any CPU
		{21322F56-CED4-4254-8F37-B2D8C5CBF6E6}.ChaMame_Debug|Mixed Platforms.Build.0 = ChaMame_Debug|Any CPU
		{21322F56-CED4-4254-8F37-B2D8C5CBF6E6}.ChaMame_Debug|Win32.ActiveCfg = ChaMame_Debug|Any CPU
		{21322F56-CED4-4254-8F37-B2D8C5CBF6E6}.ChaMame_Debug|Win32.Build.0 = ChaMame_Debug|Any CPU
		{21322F56-CED4-4254-8F37-B2D8C5CBF6E6}.ChaMame_Debug|x64.ActiveCfg = ChaMame_Debug|x64
		{21322F56-CED4-4254-8F37-B2D8C5CBF6E6}.ChaMame_Debug|x64.Build.0 = ChaMame_Debug|x64
		{21322F56-CED4-4254-8F37-B2D8C5CBF6E6}.ChaMame_Debug|x86.ActiveCfg = ChaMame_Debug|Any CPU
		{21322F56-CED4-4254-8F37-B2D8C5CBF6E6}.ChaMame_Debug|x86.Build.0 = ChaMame_Debug|Any CPU
		{21322F56-CED4-4254-8F37-B2D8C5CBF6E6}.ChaMame_Release|Any CPU.ActiveCfg = ChaMame_Release|Any CPU
		{21322F56-CED4-4254-8F37-B2D8C5CBF6E6}.ChaMame_Release|Mixed Platforms.ActiveCfg = ChaMame_Release|Any CPU
		{21322F56-CED4-4254-8F37-B2D8C5CBF6E6}.ChaMame_Release|Mixed Platforms.Build.0 = ChaMame_Release|Any CPU
		{21322F56-CED4-4254-8F37-B2D8C5CBF6E6}.ChaMame_Release|Win32.ActiveCfg = ChaMame_Release|Any CPU
		{21322F56-CED4-4254-8F37-B2D8C5CBF6E6}.ChaMame_Release|Win32.Build.0 = ChaMame_Release|Any CPU
		{21322F56-CED4-4254-8F37-B2D8C5CBF6E6}.ChaMame_Release|x64.ActiveCfg = ChaMame_Release|x64
		{21322F56-CED4-4254-8F37-B2D8C5CBF6E6}.ChaMame_Release|x64.Build.0 = ChaMame_Release|x64
		{21322F56-CED4-4254-8F37-B2D8C5CBF6E6}.ChaMame_Release|x86.ActiveCfg = ChaMame_Release|Any CPU
		{21322F56-CED4-4254-8F37-B2D8C5CBF6E6}.ChaMame_Release|x86.Build.0 = ChaMame_Release|Any CPU
		{21322F56-CED4-4254-8F37-B2D8C5CBF6E6}.Debug|Any CPU.ActiveCfg = Debug|Any CPU
		{21322F56-CED4-4254-8F37-B2D8C5CBF6E6}.Debug|Any CPU.Build.0 = Debug|Any CPU
		{21322F56-CED4-4254-8F37-B2D8C5CBF6E6}.Debug|Mixed Platforms.ActiveCfg = Debug|Any CPU
		{21322F56-CED4-4254-8F37-B2D8C5CBF6E6}.Debug|Mixed Platforms.Build.0 = Debug|Any CPU
		{21322F56-CED4-4254-8F37-B2D8C5CBF6E6}.Debug|Win32.ActiveCfg = Debug|Any CPU
		{21322F56-CED4-4254-8F37-B2D8C5CBF6E6}.Debug|x64.ActiveCfg = Debug|x64
		{21322F56-CED4-4254-8F37-B2D8C5CBF6E6}.Debug|x86.ActiveCfg = Debug|x64
		{21322F56-CED4-4254-8F37-B2D8C5CBF6E6}.Release|Any CPU.ActiveCfg = Release|Any CPU
		{21322F56-CED4-4254-8F37-B2D8C5CBF6E6}.Release|Any CPU.Build.0 = Release|Any CPU
		{21322F56-CED4-4254-8F37-B2D8C5CBF6E6}.Release|Mixed Platforms.ActiveCfg = Release|Any CPU
		{21322F56-CED4-4254-8F37-B2D8C5CBF6E6}.Release|Mixed Platforms.Build.0 = Release|Any CPU
		{21322F56-CED4-4254-8F37-B2D8C5CBF6E6}.Release|Win32.ActiveCfg = Release|Any CPU
		{21322F56-CED4-4254-8F37-B2D8C5CBF6E6}.Release|x64.ActiveCfg = Release|Any CPU
		{21322F56-CED4-4254-8F37-B2D8C5CBF6E6}.Release|x64.Build.0 = Release|Any CPU
		{21322F56-CED4-4254-8F37-B2D8C5CBF6E6}.Release|x86.ActiveCfg = Release|x64
		{AE2AF3CF-FEF8-4226-AD9A-9A47C292553C}.ChaMame_Debug|Any CPU.ActiveCfg = ChaMame_Debug|Any CPU
		{AE2AF3CF-FEF8-4226-AD9A-9A47C292553C}.ChaMame_Debug|Mixed Platforms.ActiveCfg = ChaMame_Debug|Any CPU
		{AE2AF3CF-FEF8-4226-AD9A-9A47C292553C}.ChaMame_Debug|Mixed Platforms.Build.0 = ChaMame_Debug|Any CPU
		{AE2AF3CF-FEF8-4226-AD9A-9A47C292553C}.ChaMame_Debug|Win32.ActiveCfg = ChaMame_Debug|Any CPU
		{AE2AF3CF-FEF8-4226-AD9A-9A47C292553C}.ChaMame_Debug|Win32.Build.0 = ChaMame_Debug|Any CPU
		{AE2AF3CF-FEF8-4226-AD9A-9A47C292553C}.ChaMame_Debug|x64.ActiveCfg = ChaMame_Debug|Any CPU
		{AE2AF3CF-FEF8-4226-AD9A-9A47C292553C}.ChaMame_Debug|x64.Build.0 = ChaMame_Debug|Any CPU
		{AE2AF3CF-FEF8-4226-AD9A-9A47C292553C}.ChaMame_Debug|x86.ActiveCfg = ChaMame_Debug|Any CPU
		{AE2AF3CF-FEF8-4226-AD9A-9A47C292553C}.ChaMame_Debug|x86.Build.0 = ChaMame_Debug|Any CPU
		{AE2AF3CF-FEF8-4226-AD9A-9A47C292553C}.ChaMame_Release|Any CPU.ActiveCfg = ChaMame_Release|Any CPU
		{AE2AF3CF-FEF8-4226-AD9A-9A47C292553C}.ChaMame_Release|Mixed Platforms.ActiveCfg = ChaMame_Release|Any CPU
		{AE2AF3CF-FEF8-4226-AD9A-9A47C292553C}.ChaMame_Release|Mixed Platforms.Build.0 = ChaMame_Release|Any CPU
		{AE2AF3CF-FEF8-4226-AD9A-9A47C292553C}.ChaMame_Release|Win32.ActiveCfg = ChaMame_Release|Any CPU
		{AE2AF3CF-FEF8-4226-AD9A-9A47C292553C}.ChaMame_Release|Win32.Build.0 = ChaMame_Release|Any CPU
		{AE2AF3CF-FEF8-4226-AD9A-9A47C292553C}.ChaMame_Release|x64.ActiveCfg = ChaMame_Release|Any CPU
		{AE2AF3CF-FEF8-4226-AD9A-9A47C292553C}.ChaMame_Release|x64.Build.0 = ChaMame_Release|Any CPU
		{AE2AF3CF-FEF8-4226-AD9A-9A47C292553C}.ChaMame_Release|x86.ActiveCfg = ChaMame_Release|Any CPU
		{AE2AF3CF-FEF8-4226-AD9A-9A47C292553C}.ChaMame_Release|x86.Build.0 = ChaMame_Release|Any CPU
		{AE2AF3CF-FEF8-4226-AD9A-9A47C292553C}.Debug|Any CPU.ActiveCfg = Debug|Any CPU
		{AE2AF3CF-FEF8-4226-AD9A-9A47C292553C}.Debug|Any CPU.Build.0 = Debug|Any CPU
		{AE2AF3CF-FEF8-4226-AD9A-9A47C292553C}.Debug|Mixed Platforms.ActiveCfg = Debug|Any CPU
		{AE2AF3CF-FEF8-4226-AD9A-9A47C292553C}.Debug|Mixed Platforms.Build.0 = Debug|Any CPU
		{AE2AF3CF-FEF8-4226-AD9A-9A47C292553C}.Debug|Win32.ActiveCfg = Debug|Any CPU
		{AE2AF3CF-FEF8-4226-AD9A-9A47C292553C}.Debug|x64.ActiveCfg = Debug|Any CPU
		{AE2AF3CF-FEF8-4226-AD9A-9A47C292553C}.Debug|x86.ActiveCfg = Debug|Any CPU
		{AE2AF3CF-FEF8-4226-AD9A-9A47C292553C}.Release|Any CPU.ActiveCfg = Release|Any CPU
		{AE2AF3CF-FEF8-4226-AD9A-9A47C292553C}.Release|Any CPU.Build.0 = Release|Any CPU
		{AE2AF3CF-FEF8-4226-AD9A-9A47C292553C}.Release|Mixed Platforms.ActiveCfg = Release|Any CPU
		{AE2AF3CF-FEF8-4226-AD9A-9A47C292553C}.Release|Mixed Platforms.Build.0 = Release|Any CPU
		{AE2AF3CF-FEF8-4226-AD9A-9A47C292553C}.Release|Win32.ActiveCfg = Release|Any CPU
		{AE2AF3CF-FEF8-4226-AD9A-9A47C292553C}.Release|x64.ActiveCfg = Release|Any CPU
		{AE2AF3CF-FEF8-4226-AD9A-9A47C292553C}.Release|x64.Build.0 = Release|Any CPU
		{AE2AF3CF-FEF8-4226-AD9A-9A47C292553C}.Release|x86.ActiveCfg = Release|Any CPU
		{1406A3DA-BA1E-47A9-A527-0D8D40D5F963}.ChaMame_Debug|Any CPU.ActiveCfg = ChaMame_Debug|Any CPU
		{1406A3DA-BA1E-47A9-A527-0D8D40D5F963}.ChaMame_Debug|Mixed Platforms.ActiveCfg = ChaMame_Debug|Any CPU
		{1406A3DA-BA1E-47A9-A527-0D8D40D5F963}.ChaMame_Debug|Mixed Platforms.Build.0 = ChaMame_Debug|Any CPU
		{1406A3DA-BA1E-47A9-A527-0D8D40D5F963}.ChaMame_Debug|Win32.ActiveCfg = ChaMame_Debug|Any CPU
		{1406A3DA-BA1E-47A9-A527-0D8D40D5F963}.ChaMame_Debug|Win32.Build.0 = ChaMame_Debug|Any CPU
		{1406A3DA-BA1E-47A9-A527-0D8D40D5F963}.ChaMame_Debug|x64.ActiveCfg = ChaMame_Debug|Any CPU
		{1406A3DA-BA1E-47A9-A527-0D8D40D5F963}.ChaMame_Debug|x64.Build.0 = ChaMame_Debug|Any CPU
		{1406A3DA-BA1E-47A9-A527-0D8D40D5F963}.ChaMame_Debug|x86.ActiveCfg = ChaMame_Debug|Any CPU
		{1406A3DA-BA1E-47A9-A527-0D8D40D5F963}.ChaMame_Debug|x86.Build.0 = ChaMame_Debug|Any CPU
		{1406A3DA-BA1E-47A9-A527-0D8D40D5F963}.ChaMame_Release|Any CPU.ActiveCfg = ChaMame_Release|Any CPU
		{1406A3DA-BA1E-47A9-A527-0D8D40D5F963}.ChaMame_Release|Mixed Platforms.ActiveCfg = ChaMame_Release|Any CPU
		{1406A3DA-BA1E-47A9-A527-0D8D40D5F963}.ChaMame_Release|Mixed Platforms.Build.0 = ChaMame_Release|Any CPU
		{1406A3DA-BA1E-47A9-A527-0D8D40D5F963}.ChaMame_Release|Win32.ActiveCfg = ChaMame_Release|Any CPU
		{1406A3DA-BA1E-47A9-A527-0D8D40D5F963}.ChaMame_Release|Win32.Build.0 = ChaMame_Release|Any CPU
		{1406A3DA-BA1E-47A9-A527-0D8D40D5F963}.ChaMame_Release|x64.ActiveCfg = ChaMame_Release|Any CPU
		{1406A3DA-BA1E-47A9-A527-0D8D40D5F963}.ChaMame_Release|x64.Build.0 = ChaMame_Release|Any CPU
		{1406A3DA-BA1E-47A9-A527-0D8D40D5F963}.ChaMame_Release|x86.ActiveCfg = ChaMame_Release|Any CPU
		{1406A3DA-BA1E-47A9-A527-0D8D40D5F963}.ChaMame_Release|x86.Build.0 = ChaMame_Release|Any CPU
		{1406A3DA-BA1E-47A9-A527-0D8D40D5F963}.Debug|Any CPU.ActiveCfg = Debug|Any CPU
		{1406A3DA-BA1E-47A9-A527-0D8D40D5F963}.Debug|Any CPU.Build.0 = Debug|Any CPU
		{1406A3DA-BA1E-47A9-A527-0D8D40D5F963}.Debug|Mixed Platforms.ActiveCfg = Debug|Any CPU
		{1406A3DA-BA1E-47A9-A527-0D8D40D5F963}.Debug|Mixed Platforms.Build.0 = Debug|Any CPU
		{1406A3DA-BA1E-47A9-A527-0D8D40D5F963}.Debug|Win32.ActiveCfg = Debug|Any CPU
		{1406A3DA-BA1E-47A9-A527-0D8D40D5F963}.Debug|x64.ActiveCfg = Debug|Any CPU
		{1406A3DA-BA1E-47A9-A527-0D8D40D5F963}.Debug|x64.Build.0 = Debug|Any CPU
		{1406A3DA-BA1E-47A9-A527-0D8D40D5F963}.Debug|x86.ActiveCfg = Debug|Any CPU
		{1406A3DA-BA1E-47A9-A527-0D8D40D5F963}.Release|Any CPU.ActiveCfg = Release|Any CPU
		{1406A3DA-BA1E-47A9-A527-0D8D40D5F963}.Release|Any CPU.Build.0 = Release|Any CPU
		{1406A3DA-BA1E-47A9-A527-0D8D40D5F963}.Release|Mixed Platforms.ActiveCfg = Release|Any CPU
		{1406A3DA-BA1E-47A9-A527-0D8D40D5F963}.Release|Mixed Platforms.Build.0 = Release|Any CPU
		{1406A3DA-BA1E-47A9-A527-0D8D40D5F963}.Release|Win32.ActiveCfg = Release|Any CPU
		{1406A3DA-BA1E-47A9-A527-0D8D40D5F963}.Release|x64.ActiveCfg = Release|Any CPU
		{1406A3DA-BA1E-47A9-A527-0D8D40D5F963}.Release|x64.Build.0 = Release|Any CPU
		{1406A3DA-BA1E-47A9-A527-0D8D40D5F963}.Release|x86.ActiveCfg = Release|Any CPU
		{19842823-C599-46B8-960A-6196A8D8A709}.ChaMame_Debug|Any CPU.ActiveCfg = ChaMame_Debug|Any CPU
		{19842823-C599-46B8-960A-6196A8D8A709}.ChaMame_Debug|Mixed Platforms.ActiveCfg = ChaMame_Debug|Any CPU
		{19842823-C599-46B8-960A-6196A8D8A709}.ChaMame_Debug|Mixed Platforms.Build.0 = ChaMame_Debug|Any CPU
		{19842823-C599-46B8-960A-6196A8D8A709}.ChaMame_Debug|Win32.ActiveCfg = ChaMame_Debug|Any CPU
		{19842823-C599-46B8-960A-6196A8D8A709}.ChaMame_Debug|Win32.Build.0 = ChaMame_Debug|Any CPU
		{19842823-C599-46B8-960A-6196A8D8A709}.ChaMame_Debug|x64.ActiveCfg = ChaMame_Debug|Any CPU
		{19842823-C599-46B8-960A-6196A8D8A709}.ChaMame_Debug|x64.Build.0 = ChaMame_Debug|Any CPU
		{19842823-C599-46B8-960A-6196A8D8A709}.ChaMame_Debug|x86.ActiveCfg = ChaMame_Debug|Any CPU
		{19842823-C599-46B8-960A-6196A8D8A709}.ChaMame_Debug|x86.Build.0 = ChaMame_Debug|Any CPU
		{19842823-C599-46B8-960A-6196A8D8A709}.ChaMame_Release|Any CPU.ActiveCfg = ChaMame_Release|Any CPU
		{19842823-C599-46B8-960A-6196A8D8A709}.ChaMame_Release|Mixed Platforms.ActiveCfg = ChaMame_Release|Any CPU
		{19842823-C599-46B8-960A-6196A8D8A709}.ChaMame_Release|Mixed Platforms.Build.0 = ChaMame_Release|Any CPU
		{19842823-C599-46B8-960A-6196A8D8A709}.ChaMame_Release|Win32.ActiveCfg = ChaMame_Release|Any CPU
		{19842823-C599-46B8-960A-6196A8D8A709}.ChaMame_Release|Win32.Build.0 = ChaMame_Release|Any CPU
		{19842823-C599-46B8-960A-6196A8D8A709}.ChaMame_Release|x64.ActiveCfg = ChaMame_Release|Any CPU
		{19842823-C599-46B8-960A-6196A8D8A709}.ChaMame_Release|x64.Build.0 = ChaMame_Release|Any CPU
		{19842823-C599-46B8-960A-6196A8D8A709}.ChaMame_Release|x86.ActiveCfg = ChaMame_Release|Any CPU
		{19842823-C599-46B8-960A-6196A8D8A709}.ChaMame_Release|x86.Build.0 = ChaMame_Release|Any CPU
		{19842823-C599-46B8-960A-6196A8D8A709}.Debug|Any CPU.ActiveCfg = Debug|Any CPU
		{19842823-C599-46B8-960A-6196A8D8A709}.Debug|Any CPU.Build.0 = Debug|Any CPU
		{19842823-C599-46B8-960A-6196A8D8A709}.Debug|Mixed Platforms.ActiveCfg = Debug|Any CPU
		{19842823-C599-46B8-960A-6196A8D8A709}.Debug|Mixed Platforms.Build.0 = Debug|Any CPU
		{19842823-C599-46B8-960A-6196A8D8A709}.Debug|Win32.ActiveCfg = Debug|Any CPU
		{19842823-C599-46B8-960A-6196A8D8A709}.Debug|x64.ActiveCfg = Debug|Any CPU
		{19842823-C599-46B8-960A-6196A8D8A709}.Debug|x86.ActiveCfg = Debug|Any CPU
		{19842823-C599-46B8-960A-6196A8D8A709}.Release|Any CPU.ActiveCfg = Release|Any CPU
		{19842823-C599-46B8-960A-6196A8D8A709}.Release|Any CPU.Build.0 = Release|Any CPU
		{19842823-C599-46B8-960A-6196A8D8A709}.Release|Mixed Platforms.ActiveCfg = Release|Any CPU
		{19842823-C599-46B8-960A-6196A8D8A709}.Release|Mixed Platforms.Build.0 = Release|Any CPU
		{19842823-C599-46B8-960A-6196A8D8A709}.Release|Win32.ActiveCfg = Release|Any CPU
		{19842823-C599-46B8-960A-6196A8D8A709}.Release|x64.ActiveCfg = Release|Any CPU
		{19842823-C599-46B8-960A-6196A8D8A709}.Release|x64.Build.0 = Release|Any CPU
		{19842823-C599-46B8-960A-6196A8D8A709}.Release|x86.ActiveCfg = Release|Any CPU
		{446B5EE7-BA2F-43D6-AC93-817C73CB50A3}.ChaMame_Debug|Any CPU.ActiveCfg = ChaMame_Debug|Any CPU
		{446B5EE7-BA2F-43D6-AC93-817C73CB50A3}.ChaMame_Debug|Mixed Platforms.ActiveCfg = ChaMame_Debug|Any CPU
		{446B5EE7-BA2F-43D6-AC93-817C73CB50A3}.ChaMame_Debug|Mixed Platforms.Build.0 = ChaMame_Debug|Any CPU
		{446B5EE7-BA2F-43D6-AC93-817C73CB50A3}.ChaMame_Debug|Win32.ActiveCfg = ChaMame_Debug|Any CPU
		{446B5EE7-BA2F-43D6-AC93-817C73CB50A3}.ChaMame_Debug|Win32.Build.0 = ChaMame_Debug|Any CPU
		{446B5EE7-BA2F-43D6-AC93-817C73CB50A3}.ChaMame_Debug|x64.ActiveCfg = ChaMame_Debug|Any CPU
		{446B5EE7-BA2F-43D6-AC93-817C73CB50A3}.ChaMame_Debug|x64.Build.0 = ChaMame_Debug|Any CPU
		{446B5EE7-BA2F-43D6-AC93-817C73CB50A3}.ChaMame_Debug|x86.ActiveCfg = ChaMame_Debug|Any CPU
		{446B5EE7-BA2F-43D6-AC93-817C73CB50A3}.ChaMame_Debug|x86.Build.0 = ChaMame_Debug|Any CPU
		{446B5EE7-BA2F-43D6-AC93-817C73CB50A3}.ChaMame_Release|Any CPU.ActiveCfg = ChaMame_Release|Any CPU
		{446B5EE7-BA2F-43D6-AC93-817C73CB50A3}.ChaMame_Release|Mixed Platforms.ActiveCfg = ChaMame_Release|Any CPU
		{446B5EE7-BA2F-43D6-AC93-817C73CB50A3}.ChaMame_Release|Mixed Platforms.Build.0 = ChaMame_Release|Any CPU
		{446B5EE7-BA2F-43D6-AC93-817C73CB50A3}.ChaMame_Release|Win32.ActiveCfg = ChaMame_Release|Any CPU
		{446B5EE7-BA2F-43D6-AC93-817C73CB50A3}.ChaMame_Release|Win32.Build.0 = ChaMame_Release|Any CPU
		{446B5EE7-BA2F-43D6-AC93-817C73CB50A3}.ChaMame_Release|x64.ActiveCfg = ChaMame_Release|Any CPU
		{446B5EE7-BA2F-43D6-AC93-817C73CB50A3}.ChaMame_Release|x64.Build.0 = ChaMame_Release|Any CPU
		{446B5EE7-BA2F-43D6-AC93-817C73CB50A3}.ChaMame_Release|x86.ActiveCfg = ChaMame_Release|Any CPU
		{446B5EE7-BA2F-43D6-AC93-817C73CB50A3}.ChaMame_Release|x86.Build.0 = ChaMame_Release|Any CPU
		{446B5EE7-BA2F-43D6-AC93-817C73CB50A3}.Debug|Any CPU.ActiveCfg = Debug|Any CPU
		{446B5EE7-BA2F-43D6-AC93-817C73CB50A3}.Debug|Any CPU.Build.0 = Debug|Any CPU
		{446B5EE7-BA2F-43D6-AC93-817C73CB50A3}.Debug|Mixed Platforms.ActiveCfg = Debug|Any CPU
		{446B5EE7-BA2F-43D6-AC93-817C73CB50A3}.Debug|Mixed Platforms.Build.0 = Debug|Any CPU
		{446B5EE7-BA2F-43D6-AC93-817C73CB50A3}.Debug|Win32.ActiveCfg = Debug|Any CPU
		{446B5EE7-BA2F-43D6-AC93-817C73CB50A3}.Debug|x64.ActiveCfg = Debug|Any CPU
		{446B5EE7-BA2F-43D6-AC93-817C73CB50A3}.Debug|x86.ActiveCfg = Debug|Any CPU
		{446B5EE7-BA2F-43D6-AC93-817C73CB50A3}.Release|Any CPU.ActiveCfg = Release|Any CPU
		{446B5EE7-BA2F-43D6-AC93-817C73CB50A3}.Release|Any CPU.Build.0 = Release|Any CPU
		{446B5EE7-BA2F-43D6-AC93-817C73CB50A3}.Release|Mixed Platforms.ActiveCfg = Release|Any CPU
		{446B5EE7-BA2F-43D6-AC93-817C73CB50A3}.Release|Mixed Platforms.Build.0 = Release|Any CPU
		{446B5EE7-BA2F-43D6-AC93-817C73CB50A3}.Release|Win32.ActiveCfg = Release|Any CPU
		{446B5EE7-BA2F-43D6-AC93-817C73CB50A3}.Release|x64.ActiveCfg = Release|Any CPU
		{446B5EE7-BA2F-43D6-AC93-817C73CB50A3}.Release|x64.Build.0 = Release|Any CPU
		{446B5EE7-BA2F-43D6-AC93-817C73CB50A3}.Release|x86.ActiveCfg = Release|Any CPU
		{C5F84DFA-59DA-4D3F-8700-7ED8E61A8799}.ChaMame_Debug|Any CPU.ActiveCfg = ChaMame_Debug|Any CPU
		{C5F84DFA-59DA-4D3F-8700-7ED8E61A8799}.ChaMame_Debug|Any CPU.Build.0 = ChaMame_Debug|Any CPU
		{C5F84DFA-59DA-4D3F-8700-7ED8E61A8799}.ChaMame_Debug|Mixed Platforms.ActiveCfg = ChaMame_Debug|Any CPU
		{C5F84DFA-59DA-4D3F-8700-7ED8E61A8799}.ChaMame_Debug|Mixed Platforms.Build.0 = ChaMame_Debug|Any CPU
		{C5F84DFA-59DA-4D3F-8700-7ED8E61A8799}.ChaMame_Debug|Win32.ActiveCfg = ChaMame_Debug|Any CPU
		{C5F84DFA-59DA-4D3F-8700-7ED8E61A8799}.ChaMame_Debug|Win32.Build.0 = ChaMame_Debug|Any CPU
		{C5F84DFA-59DA-4D3F-8700-7ED8E61A8799}.ChaMame_Debug|x64.ActiveCfg = ChaMame_Debug|Any CPU
		{C5F84DFA-59DA-4D3F-8700-7ED8E61A8799}.ChaMame_Debug|x64.Build.0 = ChaMame_Debug|Any CPU
		{C5F84DFA-59DA-4D3F-8700-7ED8E61A8799}.ChaMame_Debug|x86.ActiveCfg = ChaMame_Debug|Any CPU
		{C5F84DFA-59DA-4D3F-8700-7ED8E61A8799}.ChaMame_Debug|x86.Build.0 = ChaMame_Debug|Any CPU
		{C5F84DFA-59DA-4D3F-8700-7ED8E61A8799}.ChaMame_Release|Any CPU.ActiveCfg = ChaMame_Release|Any CPU
		{C5F84DFA-59DA-4D3F-8700-7ED8E61A8799}.ChaMame_Release|Mixed Platforms.ActiveCfg = ChaMame_Release|Any CPU
		{C5F84DFA-59DA-4D3F-8700-7ED8E61A8799}.ChaMame_Release|Mixed Platforms.Build.0 = ChaMame_Release|Any CPU
		{C5F84DFA-59DA-4D3F-8700-7ED8E61A8799}.ChaMame_Release|Win32.ActiveCfg = ChaMame_Release|Any CPU
		{C5F84DFA-59DA-4D3F-8700-7ED8E61A8799}.ChaMame_Release|Win32.Build.0 = ChaMame_Release|Any CPU
		{C5F84DFA-59DA-4D3F-8700-7ED8E61A8799}.ChaMame_Release|x64.ActiveCfg = ChaMame_Release|Any CPU
		{C5F84DFA-59DA-4D3F-8700-7ED8E61A8799}.ChaMame_Release|x64.Build.0 = ChaMame_Release|Any CPU
		{C5F84DFA-59DA-4D3F-8700-7ED8E61A8799}.ChaMame_Release|x86.ActiveCfg = ChaMame_Release|Any CPU
		{C5F84DFA-59DA-4D3F-8700-7ED8E61A8799}.ChaMame_Release|x86.Build.0 = ChaMame_Release|Any CPU
		{C5F84DFA-59DA-4D3F-8700-7ED8E61A8799}.Debug|Any CPU.ActiveCfg = Debug|Any CPU
		{C5F84DFA-59DA-4D3F-8700-7ED8E61A8799}.Debug|Any CPU.Build.0 = Debug|Any CPU
		{C5F84DFA-59DA-4D3F-8700-7ED8E61A8799}.Debug|Mixed Platforms.ActiveCfg = Debug|Any CPU
		{C5F84DFA-59DA-4D3F-8700-7ED8E61A8799}.Debug|Mixed Platforms.Build.0 = Debug|Any CPU
		{C5F84DFA-59DA-4D3F-8700-7ED8E61A8799}.Debug|Win32.ActiveCfg = Debug|Any CPU
		{C5F84DFA-59DA-4D3F-8700-7ED8E61A8799}.Debug|x64.ActiveCfg = Debug|Any CPU
		{C5F84DFA-59DA-4D3F-8700-7ED8E61A8799}.Debug|x86.ActiveCfg = Debug|Any CPU
		{C5F84DFA-59DA-4D3F-8700-7ED8E61A8799}.Release|Any CPU.ActiveCfg = Release|Any CPU
		{C5F84DFA-59DA-4D3F-8700-7ED8E61A8799}.Release|Any CPU.Build.0 = Release|Any CPU
		{C5F84DFA-59DA-4D3F-8700-7ED8E61A8799}.Release|Mixed Platforms.ActiveCfg = Release|Any CPU
		{C5F84DFA-59DA-4D3F-8700-7ED8E61A8799}.Release|Mixed Platforms.Build.0 = Release|Any CPU
		{C5F84DFA-59DA-4D3F-8700-7ED8E61A8799}.Release|Win32.ActiveCfg = Release|Any CPU
		{C5F84DFA-59DA-4D3F-8700-7ED8E61A8799}.Release|x64.ActiveCfg = Release|Any CPU
		{C5F84DFA-59DA-4D3F-8700-7ED8E61A8799}.Release|x64.Build.0 = Release|Any CPU
		{C5F84DFA-59DA-4D3F-8700-7ED8E61A8799}.Release|x86.ActiveCfg = Release|Any CPU
		{BB96E64D-AAEA-4D81-BC9E-BC9693182BDC}.ChaMame_Debug|Any CPU.ActiveCfg = ChaMame_Debug|Any CPU
		{BB96E64D-AAEA-4D81-BC9E-BC9693182BDC}.ChaMame_Debug|Mixed Platforms.ActiveCfg = ChaMame_Debug|Any CPU
		{BB96E64D-AAEA-4D81-BC9E-BC9693182BDC}.ChaMame_Debug|Mixed Platforms.Build.0 = ChaMame_Debug|Any CPU
		{BB96E64D-AAEA-4D81-BC9E-BC9693182BDC}.ChaMame_Debug|Win32.ActiveCfg = ChaMame_Debug|Any CPU
		{BB96E64D-AAEA-4D81-BC9E-BC9693182BDC}.ChaMame_Debug|Win32.Build.0 = ChaMame_Debug|Any CPU
		{BB96E64D-AAEA-4D81-BC9E-BC9693182BDC}.ChaMame_Debug|x64.ActiveCfg = ChaMame_Debug|Any CPU
		{BB96E64D-AAEA-4D81-BC9E-BC9693182BDC}.ChaMame_Debug|x64.Build.0 = ChaMame_Debug|Any CPU
		{BB96E64D-AAEA-4D81-BC9E-BC9693182BDC}.ChaMame_Debug|x86.ActiveCfg = ChaMame_Debug|Any CPU
		{BB96E64D-AAEA-4D81-BC9E-BC9693182BDC}.ChaMame_Debug|x86.Build.0 = ChaMame_Debug|Any CPU
		{BB96E64D-AAEA-4D81-BC9E-BC9693182BDC}.ChaMame_Release|Any CPU.ActiveCfg = ChaMame_Release|Any CPU
		{BB96E64D-AAEA-4D81-BC9E-BC9693182BDC}.ChaMame_Release|Mixed Platforms.ActiveCfg = ChaMame_Release|Any CPU
		{BB96E64D-AAEA-4D81-BC9E-BC9693182BDC}.ChaMame_Release|Mixed Platforms.Build.0 = ChaMame_Release|Any CPU
		{BB96E64D-AAEA-4D81-BC9E-BC9693182BDC}.ChaMame_Release|Win32.ActiveCfg = ChaMame_Release|Any CPU
		{BB96E64D-AAEA-4D81-BC9E-BC9693182BDC}.ChaMame_Release|Win32.Build.0 = ChaMame_Release|Any CPU
		{BB96E64D-AAEA-4D81-BC9E-BC9693182BDC}.ChaMame_Release|x64.ActiveCfg = ChaMame_Release|Any CPU
		{BB96E64D-AAEA-4D81-BC9E-BC9693182BDC}.ChaMame_Release|x64.Build.0 = ChaMame_Release|Any CPU
		{BB96E64D-AAEA-4D81-BC9E-BC9693182BDC}.ChaMame_Release|x86.ActiveCfg = ChaMame_Release|Any CPU
		{BB96E64D-AAEA-4D81-BC9E-BC9693182BDC}.ChaMame_Release|x86.Build.0 = ChaMame_Release|Any CPU
		{BB96E64D-AAEA-4D81-BC9E-BC9693182BDC}.Debug|Any CPU.ActiveCfg = Debug|Any CPU
		{BB96E64D-AAEA-4D81-BC9E-BC9693182BDC}.Debug|Any CPU.Build.0 = Debug|Any CPU
		{BB96E64D-AAEA-4D81-BC9E-BC9693182BDC}.Debug|Mixed Platforms.ActiveCfg = Debug|Any CPU
		{BB96E64D-AAEA-4D81-BC9E-BC9693182BDC}.Debug|Mixed Platforms.Build.0 = Debug|Any CPU
		{BB96E64D-AAEA-4D81-BC9E-BC9693182BDC}.Debug|Win32.ActiveCfg = Debug|Any CPU
		{BB96E64D-AAEA-4D81-BC9E-BC9693182BDC}.Debug|x64.ActiveCfg = Debug|Any CPU
		{BB96E64D-AAEA-4D81-BC9E-BC9693182BDC}.Debug|x64.Build.0 = Debug|Any CPU
		{BB96E64D-AAEA-4D81-BC9E-BC9693182BDC}.Debug|x86.ActiveCfg = Debug|Any CPU
		{BB96E64D-AAEA-4D81-BC9E-BC9693182BDC}.Release|Any CPU.ActiveCfg = Release|Any CPU
		{BB96E64D-AAEA-4D81-BC9E-BC9693182BDC}.Release|Any CPU.Build.0 = Release|Any CPU
		{BB96E64D-AAEA-4D81-BC9E-BC9693182BDC}.Release|Mixed Platforms.ActiveCfg = Release|Any CPU
		{BB96E64D-AAEA-4D81-BC9E-BC9693182BDC}.Release|Mixed Platforms.Build.0 = Release|Any CPU
		{BB96E64D-AAEA-4D81-BC9E-BC9693182BDC}.Release|Win32.ActiveCfg = Release|Any CPU
		{BB96E64D-AAEA-4D81-BC9E-BC9693182BDC}.Release|x64.ActiveCfg = Release|Any CPU
		{BB96E64D-AAEA-4D81-BC9E-BC9693182BDC}.Release|x64.Build.0 = Release|Any CPU
		{BB96E64D-AAEA-4D81-BC9E-BC9693182BDC}.Release|x86.ActiveCfg = Release|Any CPU
		{4FFB4329-6C9D-45FE-BA91-DF5F4E831AB2}.ChaMame_Debug|Any CPU.ActiveCfg = ChaMame_Debug|Any CPU
		{4FFB4329-6C9D-45FE-BA91-DF5F4E831AB2}.ChaMame_Debug|Mixed Platforms.ActiveCfg = ChaMame_Debug|Any CPU
		{4FFB4329-6C9D-45FE-BA91-DF5F4E831AB2}.ChaMame_Debug|Mixed Platforms.Build.0 = ChaMame_Debug|Any CPU
		{4FFB4329-6C9D-45FE-BA91-DF5F4E831AB2}.ChaMame_Debug|Win32.ActiveCfg = ChaMame_Debug|Any CPU
		{4FFB4329-6C9D-45FE-BA91-DF5F4E831AB2}.ChaMame_Debug|Win32.Build.0 = ChaMame_Debug|Any CPU
		{4FFB4329-6C9D-45FE-BA91-DF5F4E831AB2}.ChaMame_Debug|x64.ActiveCfg = ChaMame_Debug|Any CPU
		{4FFB4329-6C9D-45FE-BA91-DF5F4E831AB2}.ChaMame_Debug|x64.Build.0 = ChaMame_Debug|Any CPU
		{4FFB4329-6C9D-45FE-BA91-DF5F4E831AB2}.ChaMame_Debug|x86.ActiveCfg = ChaMame_Debug|Any CPU
		{4FFB4329-6C9D-45FE-BA91-DF5F4E831AB2}.ChaMame_Debug|x86.Build.0 = ChaMame_Debug|Any CPU
		{4FFB4329-6C9D-45FE-BA91-DF5F4E831AB2}.ChaMame_Release|Any CPU.ActiveCfg = ChaMame_Release|Any CPU
		{4FFB4329-6C9D-45FE-BA91-DF5F4E831AB2}.ChaMame_Release|Mixed Platforms.ActiveCfg = ChaMame_Release|Any CPU
		{4FFB4329-6C9D-45FE-BA91-DF5F4E831AB2}.ChaMame_Release|Mixed Platforms.Build.0 = ChaMame_Release|Any CPU
		{4FFB4329-6C9D-45FE-BA91-DF5F4E831AB2}.ChaMame_Release|Win32.ActiveCfg = ChaMame_Release|Any CPU
		{4FFB4329-6C9D-45FE-BA91-DF5F4E831AB2}.ChaMame_Release|Win32.Build.0 = ChaMame_Release|Any CPU
		{4FFB4329-6C9D-45FE-BA91-DF5F4E831AB2}.ChaMame_Release|x64.ActiveCfg = ChaMame_Release|Any CPU
		{4FFB4329-6C9D-45FE-BA91-DF5F4E831AB2}.ChaMame_Release|x64.Build.0 = ChaMame_Release|Any CPU
		{4FFB4329-6C9D-45FE-BA91-DF5F4E831AB2}.ChaMame_Release|x86.ActiveCfg = ChaMame_Release|Any CPU
		{4FFB4329-6C9D-45FE-BA91-DF5F4E831AB2}.ChaMame_Release|x86.Build.0 = ChaMame_Release|Any CPU
		{4FFB4329-6C9D-45FE-BA91-DF5F4E831AB2}.Debug|Any CPU.ActiveCfg = Debug|Any CPU
		{4FFB4329-6C9D-45FE-BA91-DF5F4E831AB2}.Debug|Any CPU.Build.0 = Debug|Any CPU
		{4FFB4329-6C9D-45FE-BA91-DF5F4E831AB2}.Debug|Mixed Platforms.ActiveCfg = Debug|Any CPU
		{4FFB4329-6C9D-45FE-BA91-DF5F4E831AB2}.Debug|Mixed Platforms.Build.0 = Debug|Any CPU
		{4FFB4329-6C9D-45FE-BA91-DF5F4E831AB2}.Debug|Win32.ActiveCfg = Debug|Any CPU
		{4FFB4329-6C9D-45FE-BA91-DF5F4E831AB2}.Debug|x64.ActiveCfg = Debug|Any CPU
		{4FFB4329-6C9D-45FE-BA91-DF5F4E831AB2}.Debug|x64.Build.0 = Debug|Any CPU
		{4FFB4329-6C9D-45FE-BA91-DF5F4E831AB2}.Debug|x86.ActiveCfg = Debug|Any CPU
		{4FFB4329-6C9D-45FE-BA91-DF5F4E831AB2}.Release|Any CPU.ActiveCfg = Release|Any CPU
		{4FFB4329-6C9D-45FE-BA91-DF5F4E831AB2}.Release|Any CPU.Build.0 = Release|Any CPU
		{4FFB4329-6C9D-45FE-BA91-DF5F4E831AB2}.Release|Mixed Platforms.ActiveCfg = Release|Any CPU
		{4FFB4329-6C9D-45FE-BA91-DF5F4E831AB2}.Release|Mixed Platforms.Build.0 = Release|Any CPU
		{4FFB4329-6C9D-45FE-BA91-DF5F4E831AB2}.Release|Win32.ActiveCfg = Release|Any CPU
		{4FFB4329-6C9D-45FE-BA91-DF5F4E831AB2}.Release|x64.ActiveCfg = Release|Any CPU
		{4FFB4329-6C9D-45FE-BA91-DF5F4E831AB2}.Release|x64.Build.0 = Release|Any CPU
		{4FFB4329-6C9D-45FE-BA91-DF5F4E831AB2}.Release|x86.ActiveCfg = Release|Any CPU
		{42EC0653-192B-473E-8A3A-E0DF2B440129}.ChaMame_Debug|Any CPU.ActiveCfg = ChaMame_Debug|Any CPU
		{42EC0653-192B-473E-8A3A-E0DF2B440129}.ChaMame_Debug|Mixed Platforms.ActiveCfg = ChaMame_Debug|Any CPU
		{42EC0653-192B-473E-8A3A-E0DF2B440129}.ChaMame_Debug|Mixed Platforms.Build.0 = ChaMame_Debug|Any CPU
		{42EC0653-192B-473E-8A3A-E0DF2B440129}.ChaMame_Debug|Win32.ActiveCfg = ChaMame_Debug|Any CPU
		{42EC0653-192B-473E-8A3A-E0DF2B440129}.ChaMame_Debug|Win32.Build.0 = ChaMame_Debug|Any CPU
		{42EC0653-192B-473E-8A3A-E0DF2B440129}.ChaMame_Debug|x64.ActiveCfg = ChaMame_Debug|Any CPU
		{42EC0653-192B-473E-8A3A-E0DF2B440129}.ChaMame_Debug|x64.Build.0 = ChaMame_Debug|Any CPU
		{42EC0653-192B-473E-8A3A-E0DF2B440129}.ChaMame_Debug|x86.ActiveCfg = ChaMame_Debug|Any CPU
		{42EC0653-192B-473E-8A3A-E0DF2B440129}.ChaMame_Debug|x86.Build.0 = ChaMame_Debug|Any CPU
		{42EC0653-192B-473E-8A3A-E0DF2B440129}.ChaMame_Release|Any CPU.ActiveCfg = ChaMame_Release|Any CPU
		{42EC0653-192B-473E-8A3A-E0DF2B440129}.ChaMame_Release|Mixed Platforms.ActiveCfg = ChaMame_Release|Any CPU
		{42EC0653-192B-473E-8A3A-E0DF2B440129}.ChaMame_Release|Mixed Platforms.Build.0 = ChaMame_Release|Any CPU
		{42EC0653-192B-473E-8A3A-E0DF2B440129}.ChaMame_Release|Win32.ActiveCfg = ChaMame_Release|Any CPU
		{42EC0653-192B-473E-8A3A-E0DF2B440129}.ChaMame_Release|Win32.Build.0 = ChaMame_Release|Any CPU
		{42EC0653-192B-473E-8A3A-E0DF2B440129}.ChaMame_Release|x64.ActiveCfg = ChaMame_Release|Any CPU
		{42EC0653-192B-473E-8A3A-E0DF2B440129}.ChaMame_Release|x64.Build.0 = ChaMame_Release|Any CPU
		{42EC0653-192B-473E-8A3A-E0DF2B440129}.ChaMame_Release|x86.ActiveCfg = ChaMame_Release|Any CPU
		{42EC0653-192B-473E-8A3A-E0DF2B440129}.ChaMame_Release|x86.Build.0 = ChaMame_Release|Any CPU
		{42EC0653-192B-473E-8A3A-E0DF2B440129}.Debug|Any CPU.ActiveCfg = Debug|Any CPU
		{42EC0653-192B-473E-8A3A-E0DF2B440129}.Debug|Any CPU.Build.0 = Debug|Any CPU
		{42EC0653-192B-473E-8A3A-E0DF2B440129}.Debug|Mixed Platforms.ActiveCfg = Debug|Any CPU
		{42EC0653-192B-473E-8A3A-E0DF2B440129}.Debug|Mixed Platforms.Build.0 = Debug|Any CPU
		{42EC0653-192B-473E-8A3A-E0DF2B440129}.Debug|Win32.ActiveCfg = Debug|Any CPU
		{42EC0653-192B-473E-8A3A-E0DF2B440129}.Debug|x64.ActiveCfg = Debug|Any CPU
		{42EC0653-192B-473E-8A3A-E0DF2B440129}.Debug|x64.Build.0 = Debug|Any CPU
		{42EC0653-192B-473E-8A3A-E0DF2B440129}.Debug|x86.ActiveCfg = Debug|Any CPU
		{42EC0653-192B-473E-8A3A-E0DF2B440129}.Release|Any CPU.ActiveCfg = Release|Any CPU
		{42EC0653-192B-473E-8A3A-E0DF2B440129}.Release|Any CPU.Build.0 = Release|Any CPU
		{42EC0653-192B-473E-8A3A-E0DF2B440129}.Release|Mixed Platforms.ActiveCfg = Release|Any CPU
		{42EC0653-192B-473E-8A3A-E0DF2B440129}.Release|Mixed Platforms.Build.0 = Release|Any CPU
		{42EC0653-192B-473E-8A3A-E0DF2B440129}.Release|Win32.ActiveCfg = Release|Any CPU
		{42EC0653-192B-473E-8A3A-E0DF2B440129}.Release|x64.ActiveCfg = Release|Any CPU
		{42EC0653-192B-473E-8A3A-E0DF2B440129}.Release|x64.Build.0 = Release|Any CPU
		{42EC0653-192B-473E-8A3A-E0DF2B440129}.Release|x86.ActiveCfg = Release|Any CPU
		{9ECC8796-59DE-4DD5-8729-9A6CB69572EA}.ChaMame_Debug|Any CPU.ActiveCfg = ChaMame_Debug|Any CPU
		{9ECC8796-59DE-4DD5-8729-9A6CB69572EA}.ChaMame_Debug|Mixed Platforms.ActiveCfg = ChaMame_Debug|Any CPU
		{9ECC8796-59DE-4DD5-8729-9A6CB69572EA}.ChaMame_Debug|Mixed Platforms.Build.0 = ChaMame_Debug|Any CPU
		{9ECC8796-59DE-4DD5-8729-9A6CB69572EA}.ChaMame_Debug|Win32.ActiveCfg = ChaMame_Debug|Any CPU
		{9ECC8796-59DE-4DD5-8729-9A6CB69572EA}.ChaMame_Debug|Win32.Build.0 = ChaMame_Debug|Any CPU
		{9ECC8796-59DE-4DD5-8729-9A6CB69572EA}.ChaMame_Debug|x64.ActiveCfg = ChaMame_Debug|Any CPU
		{9ECC8796-59DE-4DD5-8729-9A6CB69572EA}.ChaMame_Debug|x64.Build.0 = ChaMame_Debug|Any CPU
		{9ECC8796-59DE-4DD5-8729-9A6CB69572EA}.ChaMame_Debug|x86.ActiveCfg = ChaMame_Debug|Any CPU
		{9ECC8796-59DE-4DD5-8729-9A6CB69572EA}.ChaMame_Debug|x86.Build.0 = ChaMame_Debug|Any CPU
		{9ECC8796-59DE-4DD5-8729-9A6CB69572EA}.ChaMame_Release|Any CPU.ActiveCfg = ChaMame_Release|Any CPU
		{9ECC8796-59DE-4DD5-8729-9A6CB69572EA}.ChaMame_Release|Mixed Platforms.ActiveCfg = ChaMame_Release|Any CPU
		{9ECC8796-59DE-4DD5-8729-9A6CB69572EA}.ChaMame_Release|Mixed Platforms.Build.0 = ChaMame_Release|Any CPU
		{9ECC8796-59DE-4DD5-8729-9A6CB69572EA}.ChaMame_Release|Win32.ActiveCfg = ChaMame_Release|Any CPU
		{9ECC8796-59DE-4DD5-8729-9A6CB69572EA}.ChaMame_Release|Win32.Build.0 = ChaMame_Release|Any CPU
		{9ECC8796-59DE-4DD5-8729-9A6CB69572EA}.ChaMame_Release|x64.ActiveCfg = ChaMame_Release|Any CPU
		{9ECC8796-59DE-4DD5-8729-9A6CB69572EA}.ChaMame_Release|x64.Build.0 = ChaMame_Release|Any CPU
		{9ECC8796-59DE-4DD5-8729-9A6CB69572EA}.ChaMame_Release|x86.ActiveCfg = ChaMame_Release|Any CPU
		{9ECC8796-59DE-4DD5-8729-9A6CB69572EA}.ChaMame_Release|x86.Build.0 = ChaMame_Release|Any CPU
		{9ECC8796-59DE-4DD5-8729-9A6CB69572EA}.Debug|Any CPU.ActiveCfg = Debug|Any CPU
		{9ECC8796-59DE-4DD5-8729-9A6CB69572EA}.Debug|Any CPU.Build.0 = Debug|Any CPU
		{9ECC8796-59DE-4DD5-8729-9A6CB69572EA}.Debug|Mixed Platforms.ActiveCfg = Debug|Any CPU
		{9ECC8796-59DE-4DD5-8729-9A6CB69572EA}.Debug|Mixed Platforms.Build.0 = Debug|Any CPU
		{9ECC8796-59DE-4DD5-8729-9A6CB69572EA}.Debug|Win32.ActiveCfg = Debug|Any CPU
		{9ECC8796-59DE-4DD5-8729-9A6CB69572EA}.Debug|x64.ActiveCfg = Debug|Any CPU
		{9ECC8796-59DE-4DD5-8729-9A6CB69572EA}.Debug|x64.Build.0 = Debug|Any CPU
		{9ECC8796-59DE-4DD5-8729-9A6CB69572EA}.Debug|x86.ActiveCfg = Debug|Any CPU
		{9ECC8796-59DE-4DD5-8729-9A6CB69572EA}.Release|Any CPU.ActiveCfg = Release|Any CPU
		{9ECC8796-59DE-4DD5-8729-9A6CB69572EA}.Release|Any CPU.Build.0 = Release|Any CPU
		{9ECC8796-59DE-4DD5-8729-9A6CB69572EA}.Release|Mixed Platforms.ActiveCfg = Release|Any CPU
		{9ECC8796-59DE-4DD5-8729-9A6CB69572EA}.Release|Mixed Platforms.Build.0 = Release|Any CPU
		{9ECC8796-59DE-4DD5-8729-9A6CB69572EA}.Release|Win32.ActiveCfg = Release|Any CPU
		{9ECC8796-59DE-4DD5-8729-9A6CB69572EA}.Release|x64.ActiveCfg = Release|Any CPU
		{9ECC8796-59DE-4DD5-8729-9A6CB69572EA}.Release|x64.Build.0 = Release|Any CPU
		{9ECC8796-59DE-4DD5-8729-9A6CB69572EA}.Release|x86.ActiveCfg = Release|Any CPU
		{32CB7C95-565F-4D7C-B058-5EF3ABC189E0}.ChaMame_Debug|Any CPU.ActiveCfg = ChaMame_Debug|Any CPU
		{32CB7C95-565F-4D7C-B058-5EF3ABC189E0}.ChaMame_Debug|Mixed Platforms.ActiveCfg = ChaMame_Debug|Any CPU
		{32CB7C95-565F-4D7C-B058-5EF3ABC189E0}.ChaMame_Debug|Mixed Platforms.Build.0 = ChaMame_Debug|Any CPU
		{32CB7C95-565F-4D7C-B058-5EF3ABC189E0}.ChaMame_Debug|Win32.ActiveCfg = ChaMame_Debug|Any CPU
		{32CB7C95-565F-4D7C-B058-5EF3ABC189E0}.ChaMame_Debug|Win32.Build.0 = ChaMame_Debug|Any CPU
		{32CB7C95-565F-4D7C-B058-5EF3ABC189E0}.ChaMame_Debug|x64.ActiveCfg = ChaMame_Debug|Any CPU
		{32CB7C95-565F-4D7C-B058-5EF3ABC189E0}.ChaMame_Debug|x64.Build.0 = ChaMame_Debug|Any CPU
		{32CB7C95-565F-4D7C-B058-5EF3ABC189E0}.ChaMame_Debug|x86.ActiveCfg = ChaMame_Debug|Any CPU
		{32CB7C95-565F-4D7C-B058-5EF3ABC189E0}.ChaMame_Debug|x86.Build.0 = ChaMame_Debug|Any CPU
		{32CB7C95-565F-4D7C-B058-5EF3ABC189E0}.ChaMame_Release|Any CPU.ActiveCfg = ChaMame_Release|Any CPU
		{32CB7C95-565F-4D7C-B058-5EF3ABC189E0}.ChaMame_Release|Mixed Platforms.ActiveCfg = ChaMame_Release|Any CPU
		{32CB7C95-565F-4D7C-B058-5EF3ABC189E0}.ChaMame_Release|Mixed Platforms.Build.0 = ChaMame_Release|Any CPU
		{32CB7C95-565F-4D7C-B058-5EF3ABC189E0}.ChaMame_Release|Win32.ActiveCfg = ChaMame_Release|Any CPU
		{32CB7C95-565F-4D7C-B058-5EF3ABC189E0}.ChaMame_Release|Win32.Build.0 = ChaMame_Release|Any CPU
		{32CB7C95-565F-4D7C-B058-5EF3ABC189E0}.ChaMame_Release|x64.ActiveCfg = ChaMame_Release|Any CPU
		{32CB7C95-565F-4D7C-B058-5EF3ABC189E0}.ChaMame_Release|x64.Build.0 = ChaMame_Release|Any CPU
		{32CB7C95-565F-4D7C-B058-5EF3ABC189E0}.ChaMame_Release|x86.ActiveCfg = ChaMame_Release|Any CPU
		{32CB7C95-565F-4D7C-B058-5EF3ABC189E0}.ChaMame_Release|x86.Build.0 = ChaMame_Release|Any CPU
		{32CB7C95-565F-4D7C-B058-5EF3ABC189E0}.Debug|Any CPU.ActiveCfg = Debug|Any CPU
		{32CB7C95-565F-4D7C-B058-5EF3ABC189E0}.Debug|Any CPU.Build.0 = Debug|Any CPU
		{32CB7C95-565F-4D7C-B058-5EF3ABC189E0}.Debug|Mixed Platforms.ActiveCfg = Debug|Any CPU
		{32CB7C95-565F-4D7C-B058-5EF3ABC189E0}.Debug|Mixed Platforms.Build.0 = Debug|Any CPU
		{32CB7C95-565F-4D7C-B058-5EF3ABC189E0}.Debug|Win32.ActiveCfg = Debug|Any CPU
		{32CB7C95-565F-4D7C-B058-5EF3ABC189E0}.Debug|x64.ActiveCfg = Debug|Any CPU
		{32CB7C95-565F-4D7C-B058-5EF3ABC189E0}.Debug|x64.Build.0 = Debug|Any CPU
		{32CB7C95-565F-4D7C-B058-5EF3ABC189E0}.Debug|x86.ActiveCfg = Debug|Any CPU
		{32CB7C95-565F-4D7C-B058-5EF3ABC189E0}.Release|Any CPU.ActiveCfg = Release|Any CPU
		{32CB7C95-565F-4D7C-B058-5EF3ABC189E0}.Release|Any CPU.Build.0 = Release|Any CPU
		{32CB7C95-565F-4D7C-B058-5EF3ABC189E0}.Release|Mixed Platforms.ActiveCfg = Release|Any CPU
		{32CB7C95-565F-4D7C-B058-5EF3ABC189E0}.Release|Mixed Platforms.Build.0 = Release|Any CPU
		{32CB7C95-565F-4D7C-B058-5EF3ABC189E0}.Release|Win32.ActiveCfg = Release|Any CPU
		{32CB7C95-565F-4D7C-B058-5EF3ABC189E0}.Release|x64.ActiveCfg = Release|Any CPU
		{32CB7C95-565F-4D7C-B058-5EF3ABC189E0}.Release|x64.Build.0 = Release|Any CPU
		{32CB7C95-565F-4D7C-B058-5EF3ABC189E0}.Release|x86.ActiveCfg = Release|Any CPU
		{C9BDF674-D43B-4B0C-ABDF-FACDD0C4A93E}.ChaMame_Debug|Any CPU.ActiveCfg = ChaMame_Debug|Any CPU
		{C9BDF674-D43B-4B0C-ABDF-FACDD0C4A93E}.ChaMame_Debug|Mixed Platforms.ActiveCfg = ChaMame_Debug|Any CPU
		{C9BDF674-D43B-4B0C-ABDF-FACDD0C4A93E}.ChaMame_Debug|Mixed Platforms.Build.0 = ChaMame_Debug|Any CPU
		{C9BDF674-D43B-4B0C-ABDF-FACDD0C4A93E}.ChaMame_Debug|Win32.ActiveCfg = ChaMame_Debug|Any CPU
		{C9BDF674-D43B-4B0C-ABDF-FACDD0C4A93E}.ChaMame_Debug|Win32.Build.0 = ChaMame_Debug|Any CPU
		{C9BDF674-D43B-4B0C-ABDF-FACDD0C4A93E}.ChaMame_Debug|x64.ActiveCfg = ChaMame_Debug|Any CPU
		{C9BDF674-D43B-4B0C-ABDF-FACDD0C4A93E}.ChaMame_Debug|x64.Build.0 = ChaMame_Debug|Any CPU
		{C9BDF674-D43B-4B0C-ABDF-FACDD0C4A93E}.ChaMame_Debug|x86.ActiveCfg = ChaMame_Debug|Any CPU
		{C9BDF674-D43B-4B0C-ABDF-FACDD0C4A93E}.ChaMame_Debug|x86.Build.0 = ChaMame_Debug|Any CPU
		{C9BDF674-D43B-4B0C-ABDF-FACDD0C4A93E}.ChaMame_Release|Any CPU.ActiveCfg = ChaMame_Release|Any CPU
		{C9BDF674-D43B-4B0C-ABDF-FACDD0C4A93E}.ChaMame_Release|Mixed Platforms.ActiveCfg = ChaMame_Release|Any CPU
		{C9BDF674-D43B-4B0C-ABDF-FACDD0C4A93E}.ChaMame_Release|Mixed Platforms.Build.0 = ChaMame_Release|Any CPU
		{C9BDF674-D43B-4B0C-ABDF-FACDD0C4A93E}.ChaMame_Release|Win32.ActiveCfg = ChaMame_Release|Any CPU
		{C9BDF674-D43B-4B0C-ABDF-FACDD0C4A93E}.ChaMame_Release|Win32.Build.0 = ChaMame_Release|Any CPU
		{C9BDF674-D43B-4B0C-ABDF-FACDD0C4A93E}.ChaMame_Release|x64.ActiveCfg = ChaMame_Release|Any CPU
		{C9BDF674-D43B-4B0C-ABDF-FACDD0C4A93E}.ChaMame_Release|x64.Build.0 = ChaMame_Release|Any CPU
		{C9BDF674-D43B-4B0C-ABDF-FACDD0C4A93E}.ChaMame_Release|x86.ActiveCfg = ChaMame_Release|Any CPU
		{C9BDF674-D43B-4B0C-ABDF-FACDD0C4A93E}.ChaMame_Release|x86.Build.0 = ChaMame_Release|Any CPU
		{C9BDF674-D43B-4B0C-ABDF-FACDD0C4A93E}.Debug|Any CPU.ActiveCfg = Debug|Any CPU
		{C9BDF674-D43B-4B0C-ABDF-FACDD0C4A93E}.Debug|Any CPU.Build.0 = Debug|Any CPU
		{C9BDF674-D43B-4B0C-ABDF-FACDD0C4A93E}.Debug|Mixed Platforms.ActiveCfg = Debug|Any CPU
		{C9BDF674-D43B-4B0C-ABDF-FACDD0C4A93E}.Debug|Mixed Platforms.Build.0 = Debug|Any CPU
		{C9BDF674-D43B-4B0C-ABDF-FACDD0C4A93E}.Debug|Win32.ActiveCfg = Debug|Any CPU
		{C9BDF674-D43B-4B0C-ABDF-FACDD0C4A93E}.Debug|x64.ActiveCfg = Debug|Any CPU
		{C9BDF674-D43B-4B0C-ABDF-FACDD0C4A93E}.Debug|x64.Build.0 = Debug|Any CPU
		{C9BDF674-D43B-4B0C-ABDF-FACDD0C4A93E}.Debug|x86.ActiveCfg = Debug|Any CPU
		{C9BDF674-D43B-4B0C-ABDF-FACDD0C4A93E}.Release|Any CPU.ActiveCfg = Release|Any CPU
		{C9BDF674-D43B-4B0C-ABDF-FACDD0C4A93E}.Release|Any CPU.Build.0 = Release|Any CPU
		{C9BDF674-D43B-4B0C-ABDF-FACDD0C4A93E}.Release|Mixed Platforms.ActiveCfg = Release|Any CPU
		{C9BDF674-D43B-4B0C-ABDF-FACDD0C4A93E}.Release|Mixed Platforms.Build.0 = Release|Any CPU
		{C9BDF674-D43B-4B0C-ABDF-FACDD0C4A93E}.Release|Win32.ActiveCfg = Release|Any CPU
		{C9BDF674-D43B-4B0C-ABDF-FACDD0C4A93E}.Release|x64.ActiveCfg = Release|Any CPU
		{C9BDF674-D43B-4B0C-ABDF-FACDD0C4A93E}.Release|x64.Build.0 = Release|Any CPU
		{C9BDF674-D43B-4B0C-ABDF-FACDD0C4A93E}.Release|x86.ActiveCfg = Release|Any CPU
		{4BCF31E3-31C5-46BF-8440-1FBF90C5F019}.ChaMame_Debug|Any CPU.ActiveCfg = ChaMame_Debug|Any CPU
		{4BCF31E3-31C5-46BF-8440-1FBF90C5F019}.ChaMame_Debug|Mixed Platforms.ActiveCfg = ChaMame_Debug|Any CPU
		{4BCF31E3-31C5-46BF-8440-1FBF90C5F019}.ChaMame_Debug|Mixed Platforms.Build.0 = ChaMame_Debug|Any CPU
		{4BCF31E3-31C5-46BF-8440-1FBF90C5F019}.ChaMame_Debug|Win32.ActiveCfg = ChaMame_Debug|Any CPU
		{4BCF31E3-31C5-46BF-8440-1FBF90C5F019}.ChaMame_Debug|Win32.Build.0 = ChaMame_Debug|Any CPU
		{4BCF31E3-31C5-46BF-8440-1FBF90C5F019}.ChaMame_Debug|x64.ActiveCfg = ChaMame_Debug|Any CPU
		{4BCF31E3-31C5-46BF-8440-1FBF90C5F019}.ChaMame_Debug|x64.Build.0 = ChaMame_Debug|Any CPU
		{4BCF31E3-31C5-46BF-8440-1FBF90C5F019}.ChaMame_Debug|x86.ActiveCfg = ChaMame_Debug|Any CPU
		{4BCF31E3-31C5-46BF-8440-1FBF90C5F019}.ChaMame_Debug|x86.Build.0 = ChaMame_Debug|Any CPU
		{4BCF31E3-31C5-46BF-8440-1FBF90C5F019}.ChaMame_Release|Any CPU.ActiveCfg = ChaMame_Release|Any CPU
		{4BCF31E3-31C5-46BF-8440-1FBF90C5F019}.ChaMame_Release|Mixed Platforms.ActiveCfg = ChaMame_Release|Any CPU
		{4BCF31E3-31C5-46BF-8440-1FBF90C5F019}.ChaMame_Release|Mixed Platforms.Build.0 = ChaMame_Release|Any CPU
		{4BCF31E3-31C5-46BF-8440-1FBF90C5F019}.ChaMame_Release|Win32.ActiveCfg = ChaMame_Release|Any CPU
		{4BCF31E3-31C5-46BF-8440-1FBF90C5F019}.ChaMame_Release|Win32.Build.0 = ChaMame_Release|Any CPU
		{4BCF31E3-31C5-46BF-8440-1FBF90C5F019}.ChaMame_Release|x64.ActiveCfg = ChaMame_Release|Any CPU
		{4BCF31E3-31C5-46BF-8440-1FBF90C5F019}.ChaMame_Release|x64.Build.0 = ChaMame_Release|Any CPU
		{4BCF31E3-31C5-46BF-8440-1FBF90C5F019}.ChaMame_Release|x86.ActiveCfg = ChaMame_Release|Any CPU
		{4BCF31E3-31C5-46BF-8440-1FBF90C5F019}.ChaMame_Release|x86.Build.0 = ChaMame_Release|Any CPU
		{4BCF31E3-31C5-46BF-8440-1FBF90C5F019}.Debug|Any CPU.ActiveCfg = Debug|Any CPU
		{4BCF31E3-31C5-46BF-8440-1FBF90C5F019}.Debug|Any CPU.Build.0 = Debug|Any CPU
		{4BCF31E3-31C5-46BF-8440-1FBF90C5F019}.Debug|Mixed Platforms.ActiveCfg = Debug|Any CPU
		{4BCF31E3-31C5-46BF-8440-1FBF90C5F019}.Debug|Mixed Platforms.Build.0 = Debug|Any CPU
		{4BCF31E3-31C5-46BF-8440-1FBF90C5F019}.Debug|Win32.ActiveCfg = Debug|Any CPU
		{4BCF31E3-31C5-46BF-8440-1FBF90C5F019}.Debug|x64.ActiveCfg = Debug|Any CPU
		{4BCF31E3-31C5-46BF-8440-1FBF90C5F019}.Debug|x86.ActiveCfg = Debug|Any CPU
		{4BCF31E3-31C5-46BF-8440-1FBF90C5F019}.Release|Any CPU.ActiveCfg = Release|Any CPU
		{4BCF31E3-31C5-46BF-8440-1FBF90C5F019}.Release|Any CPU.Build.0 = Release|Any CPU
		{4BCF31E3-31C5-46BF-8440-1FBF90C5F019}.Release|Mixed Platforms.ActiveCfg = Release|Any CPU
		{4BCF31E3-31C5-46BF-8440-1FBF90C5F019}.Release|Mixed Platforms.Build.0 = Release|Any CPU
		{4BCF31E3-31C5-46BF-8440-1FBF90C5F019}.Release|Win32.ActiveCfg = Release|Any CPU
		{4BCF31E3-31C5-46BF-8440-1FBF90C5F019}.Release|x64.ActiveCfg = Release|Any CPU
		{4BCF31E3-31C5-46BF-8440-1FBF90C5F019}.Release|x86.ActiveCfg = Release|Any CPU
		{D792F565-2915-4794-9BF1-553B40E0DF63}.ChaMame_Debug|Any CPU.ActiveCfg = ChaMame_Debug|Any CPU
		{D792F565-2915-4794-9BF1-553B40E0DF63}.ChaMame_Debug|Mixed Platforms.ActiveCfg = ChaMame_Debug|Any CPU
		{D792F565-2915-4794-9BF1-553B40E0DF63}.ChaMame_Debug|Mixed Platforms.Build.0 = ChaMame_Debug|Any CPU
		{D792F565-2915-4794-9BF1-553B40E0DF63}.ChaMame_Debug|Win32.ActiveCfg = ChaMame_Debug|Any CPU
		{D792F565-2915-4794-9BF1-553B40E0DF63}.ChaMame_Debug|Win32.Build.0 = ChaMame_Debug|Any CPU
		{D792F565-2915-4794-9BF1-553B40E0DF63}.ChaMame_Debug|x64.ActiveCfg = ChaMame_Debug|Any CPU
		{D792F565-2915-4794-9BF1-553B40E0DF63}.ChaMame_Debug|x64.Build.0 = ChaMame_Debug|Any CPU
		{D792F565-2915-4794-9BF1-553B40E0DF63}.ChaMame_Debug|x86.ActiveCfg = ChaMame_Debug|Any CPU
		{D792F565-2915-4794-9BF1-553B40E0DF63}.ChaMame_Debug|x86.Build.0 = ChaMame_Debug|Any CPU
		{D792F565-2915-4794-9BF1-553B40E0DF63}.ChaMame_Release|Any CPU.ActiveCfg = ChaMame_Release|Any CPU
		{D792F565-2915-4794-9BF1-553B40E0DF63}.ChaMame_Release|Mixed Platforms.ActiveCfg = ChaMame_Release|Any CPU
		{D792F565-2915-4794-9BF1-553B40E0DF63}.ChaMame_Release|Mixed Platforms.Build.0 = ChaMame_Release|Any CPU
		{D792F565-2915-4794-9BF1-553B40E0DF63}.ChaMame_Release|Win32.ActiveCfg = ChaMame_Release|Any CPU
		{D792F565-2915-4794-9BF1-553B40E0DF63}.ChaMame_Release|Win32.Build.0 = ChaMame_Release|Any CPU
		{D792F565-2915-4794-9BF1-553B40E0DF63}.ChaMame_Release|x64.ActiveCfg = ChaMame_Release|Any CPU
		{D792F565-2915-4794-9BF1-553B40E0DF63}.ChaMame_Release|x64.Build.0 = ChaMame_Release|Any CPU
		{D792F565-2915-4794-9BF1-553B40E0DF63}.ChaMame_Release|x86.ActiveCfg = ChaMame_Release|Any CPU
		{D792F565-2915-4794-9BF1-553B40E0DF63}.ChaMame_Release|x86.Build.0 = ChaMame_Release|Any CPU
		{D792F565-2915-4794-9BF1-553B40E0DF63}.Debug|Any CPU.ActiveCfg = Debug|Any CPU
		{D792F565-2915-4794-9BF1-553B40E0DF63}.Debug|Any CPU.Build.0 = Debug|Any CPU
		{D792F565-2915-4794-9BF1-553B40E0DF63}.Debug|Mixed Platforms.ActiveCfg = Debug|Any CPU
		{D792F565-2915-4794-9BF1-553B40E0DF63}.Debug|Mixed Platforms.Build.0 = Debug|Any CPU
		{D792F565-2915-4794-9BF1-553B40E0DF63}.Debug|Win32.ActiveCfg = Debug|Any CPU
		{D792F565-2915-4794-9BF1-553B40E0DF63}.Debug|x64.ActiveCfg = Debug|Any CPU
		{D792F565-2915-4794-9BF1-553B40E0DF63}.Debug|x86.ActiveCfg = Debug|Any CPU
		{D792F565-2915-4794-9BF1-553B40E0DF63}.Release|Any CPU.ActiveCfg = Release|Any CPU
		{D792F565-2915-4794-9BF1-553B40E0DF63}.Release|Any CPU.Build.0 = Release|Any CPU
		{D792F565-2915-4794-9BF1-553B40E0DF63}.Release|Mixed Platforms.ActiveCfg = Release|Any CPU
		{D792F565-2915-4794-9BF1-553B40E0DF63}.Release|Mixed Platforms.Build.0 = Release|Any CPU
		{D792F565-2915-4794-9BF1-553B40E0DF63}.Release|Win32.ActiveCfg = Release|Any CPU
		{D792F565-2915-4794-9BF1-553B40E0DF63}.Release|x64.ActiveCfg = Release|Any CPU
		{D792F565-2915-4794-9BF1-553B40E0DF63}.Release|x64.Build.0 = Release|Any CPU
		{D792F565-2915-4794-9BF1-553B40E0DF63}.Release|x86.ActiveCfg = Release|Any CPU
		{7030E3A1-AE7D-401A-813E-FDDDD2C04BAC}.ChaMame_Debug|Any CPU.ActiveCfg = ChaMame_Debug|Any CPU
		{7030E3A1-AE7D-401A-813E-FDDDD2C04BAC}.ChaMame_Debug|Mixed Platforms.ActiveCfg = ChaMame_Debug|x86
		{7030E3A1-AE7D-401A-813E-FDDDD2C04BAC}.ChaMame_Debug|Mixed Platforms.Build.0 = ChaMame_Debug|x86
		{7030E3A1-AE7D-401A-813E-FDDDD2C04BAC}.ChaMame_Debug|Win32.ActiveCfg = ChaMame_Debug|x86
		{7030E3A1-AE7D-401A-813E-FDDDD2C04BAC}.ChaMame_Debug|Win32.Build.0 = ChaMame_Debug|x86
		{7030E3A1-AE7D-401A-813E-FDDDD2C04BAC}.ChaMame_Debug|x64.ActiveCfg = ChaMame_Debug|Any CPU
		{7030E3A1-AE7D-401A-813E-FDDDD2C04BAC}.ChaMame_Debug|x64.Build.0 = ChaMame_Debug|Any CPU
		{7030E3A1-AE7D-401A-813E-FDDDD2C04BAC}.ChaMame_Debug|x86.ActiveCfg = ChaMame_Debug|x86
		{7030E3A1-AE7D-401A-813E-FDDDD2C04BAC}.ChaMame_Release|Any CPU.ActiveCfg = ChaMame_Release|Any CPU
		{7030E3A1-AE7D-401A-813E-FDDDD2C04BAC}.ChaMame_Release|Mixed Platforms.ActiveCfg = ChaMame_Release|x86
		{7030E3A1-AE7D-401A-813E-FDDDD2C04BAC}.ChaMame_Release|Mixed Platforms.Build.0 = ChaMame_Release|x86
		{7030E3A1-AE7D-401A-813E-FDDDD2C04BAC}.ChaMame_Release|Win32.ActiveCfg = ChaMame_Release|x86
		{7030E3A1-AE7D-401A-813E-FDDDD2C04BAC}.ChaMame_Release|Win32.Build.0 = ChaMame_Release|x86
		{7030E3A1-AE7D-401A-813E-FDDDD2C04BAC}.ChaMame_Release|x64.ActiveCfg = ChaMame_Release|Any CPU
		{7030E3A1-AE7D-401A-813E-FDDDD2C04BAC}.ChaMame_Release|x64.Build.0 = ChaMame_Release|Any CPU
		{7030E3A1-AE7D-401A-813E-FDDDD2C04BAC}.ChaMame_Release|x86.ActiveCfg = ChaMame_Release|x86
		{7030E3A1-AE7D-401A-813E-FDDDD2C04BAC}.ChaMame_Release|x86.Build.0 = ChaMame_Release|x86
		{7030E3A1-AE7D-401A-813E-FDDDD2C04BAC}.Debug|Any CPU.ActiveCfg = Debug|x86
		{7030E3A1-AE7D-401A-813E-FDDDD2C04BAC}.Debug|Mixed Platforms.ActiveCfg = Debug|x86
		{7030E3A1-AE7D-401A-813E-FDDDD2C04BAC}.Debug|Mixed Platforms.Build.0 = Debug|x86
		{7030E3A1-AE7D-401A-813E-FDDDD2C04BAC}.Debug|Win32.ActiveCfg = Debug|x86
		{7030E3A1-AE7D-401A-813E-FDDDD2C04BAC}.Debug|x64.ActiveCfg = Debug|Any CPU
		{7030E3A1-AE7D-401A-813E-FDDDD2C04BAC}.Debug|x86.ActiveCfg = Debug|x86
		{7030E3A1-AE7D-401A-813E-FDDDD2C04BAC}.Debug|x86.Build.0 = Debug|x86
		{7030E3A1-AE7D-401A-813E-FDDDD2C04BAC}.Release|Any CPU.ActiveCfg = Release|Any CPU
		{7030E3A1-AE7D-401A-813E-FDDDD2C04BAC}.Release|Any CPU.Build.0 = Release|Any CPU
		{7030E3A1-AE7D-401A-813E-FDDDD2C04BAC}.Release|Mixed Platforms.ActiveCfg = Release|Any CPU
		{7030E3A1-AE7D-401A-813E-FDDDD2C04BAC}.Release|Mixed Platforms.Build.0 = Release|Any CPU
		{7030E3A1-AE7D-401A-813E-FDDDD2C04BAC}.Release|Win32.ActiveCfg = Release|x86
		{7030E3A1-AE7D-401A-813E-FDDDD2C04BAC}.Release|x64.ActiveCfg = Release|Any CPU
		{7030E3A1-AE7D-401A-813E-FDDDD2C04BAC}.Release|x64.Build.0 = Release|Any CPU
		{7030E3A1-AE7D-401A-813E-FDDDD2C04BAC}.Release|x86.ActiveCfg = Release|x86
		{7030E3A1-AE7D-401A-813E-FDDDD2C04BAC}.Release|x86.Build.0 = Release|x86
		{08F9408D-2CC5-46FF-89A3-29A7564904BD}.ChaMame_Debug|Any CPU.ActiveCfg = ChaMame_Debug|Any CPU
		{08F9408D-2CC5-46FF-89A3-29A7564904BD}.ChaMame_Debug|Mixed Platforms.ActiveCfg = ChaMame_Debug|x86
		{08F9408D-2CC5-46FF-89A3-29A7564904BD}.ChaMame_Debug|Mixed Platforms.Build.0 = ChaMame_Debug|x86
		{08F9408D-2CC5-46FF-89A3-29A7564904BD}.ChaMame_Debug|Win32.ActiveCfg = ChaMame_Debug|x86
		{08F9408D-2CC5-46FF-89A3-29A7564904BD}.ChaMame_Debug|Win32.Build.0 = ChaMame_Debug|x86
		{08F9408D-2CC5-46FF-89A3-29A7564904BD}.ChaMame_Debug|x64.ActiveCfg = ChaMame_Debug|Any CPU
		{08F9408D-2CC5-46FF-89A3-29A7564904BD}.ChaMame_Debug|x64.Build.0 = ChaMame_Debug|Any CPU
		{08F9408D-2CC5-46FF-89A3-29A7564904BD}.ChaMame_Debug|x86.ActiveCfg = ChaMame_Debug|x86
		{08F9408D-2CC5-46FF-89A3-29A7564904BD}.ChaMame_Debug|x86.Build.0 = ChaMame_Debug|x86
		{08F9408D-2CC5-46FF-89A3-29A7564904BD}.ChaMame_Release|Any CPU.ActiveCfg = ChaMame_Release|Any CPU
		{08F9408D-2CC5-46FF-89A3-29A7564904BD}.ChaMame_Release|Mixed Platforms.ActiveCfg = ChaMame_Release|x86
		{08F9408D-2CC5-46FF-89A3-29A7564904BD}.ChaMame_Release|Mixed Platforms.Build.0 = ChaMame_Release|x86
		{08F9408D-2CC5-46FF-89A3-29A7564904BD}.ChaMame_Release|Win32.ActiveCfg = ChaMame_Release|x86
		{08F9408D-2CC5-46FF-89A3-29A7564904BD}.ChaMame_Release|Win32.Build.0 = ChaMame_Release|x86
		{08F9408D-2CC5-46FF-89A3-29A7564904BD}.ChaMame_Release|x64.ActiveCfg = ChaMame_Release|Any CPU
		{08F9408D-2CC5-46FF-89A3-29A7564904BD}.ChaMame_Release|x64.Build.0 = ChaMame_Release|Any CPU
		{08F9408D-2CC5-46FF-89A3-29A7564904BD}.ChaMame_Release|x86.ActiveCfg = ChaMame_Release|x86
		{08F9408D-2CC5-46FF-89A3-29A7564904BD}.ChaMame_Release|x86.Build.0 = ChaMame_Release|x86
		{08F9408D-2CC5-46FF-89A3-29A7564904BD}.Debug|Any CPU.ActiveCfg = Debug|Any CPU
		{08F9408D-2CC5-46FF-89A3-29A7564904BD}.Debug|Any CPU.Build.0 = Debug|Any CPU
		{08F9408D-2CC5-46FF-89A3-29A7564904BD}.Debug|Mixed Platforms.ActiveCfg = Debug|x86
		{08F9408D-2CC5-46FF-89A3-29A7564904BD}.Debug|Mixed Platforms.Build.0 = Debug|x86
		{08F9408D-2CC5-46FF-89A3-29A7564904BD}.Debug|Win32.ActiveCfg = Debug|x86
		{08F9408D-2CC5-46FF-89A3-29A7564904BD}.Debug|x64.ActiveCfg = Debug|x86
		{08F9408D-2CC5-46FF-89A3-29A7564904BD}.Debug|x86.ActiveCfg = Debug|x86
		{08F9408D-2CC5-46FF-89A3-29A7564904BD}.Debug|x86.Build.0 = Debug|x86
		{08F9408D-2CC5-46FF-89A3-29A7564904BD}.Release|Any CPU.ActiveCfg = Release|Any CPU
		{08F9408D-2CC5-46FF-89A3-29A7564904BD}.Release|Any CPU.Build.0 = Release|Any CPU
		{08F9408D-2CC5-46FF-89A3-29A7564904BD}.Release|Mixed Platforms.ActiveCfg = Release|x86
		{08F9408D-2CC5-46FF-89A3-29A7564904BD}.Release|Mixed Platforms.Build.0 = Release|x86
		{08F9408D-2CC5-46FF-89A3-29A7564904BD}.Release|Win32.ActiveCfg = Release|x86
		{08F9408D-2CC5-46FF-89A3-29A7564904BD}.Release|x64.ActiveCfg = Release|x86
		{08F9408D-2CC5-46FF-89A3-29A7564904BD}.Release|x86.ActiveCfg = Release|x86
		{08F9408D-2CC5-46FF-89A3-29A7564904BD}.Release|x86.Build.0 = Release|x86
		{8E7176FD-0BC5-4F46-A977-47559B96725D}.ChaMame_Debug|Any CPU.ActiveCfg = ChaMame_Debug|Any CPU
		{8E7176FD-0BC5-4F46-A977-47559B96725D}.ChaMame_Debug|Any CPU.Build.0 = ChaMame_Debug|Any CPU
		{8E7176FD-0BC5-4F46-A977-47559B96725D}.ChaMame_Debug|Mixed Platforms.ActiveCfg = ChaMame_Debug|x86
		{8E7176FD-0BC5-4F46-A977-47559B96725D}.ChaMame_Debug|Mixed Platforms.Build.0 = ChaMame_Debug|x86
		{8E7176FD-0BC5-4F46-A977-47559B96725D}.ChaMame_Debug|Win32.ActiveCfg = ChaMame_Debug|x86
		{8E7176FD-0BC5-4F46-A977-47559B96725D}.ChaMame_Debug|Win32.Build.0 = ChaMame_Debug|x86
		{8E7176FD-0BC5-4F46-A977-47559B96725D}.ChaMame_Debug|x64.ActiveCfg = ChaMame_Debug|Any CPU
		{8E7176FD-0BC5-4F46-A977-47559B96725D}.ChaMame_Debug|x64.Build.0 = ChaMame_Debug|Any CPU
		{8E7176FD-0BC5-4F46-A977-47559B96725D}.ChaMame_Debug|x86.ActiveCfg = ChaMame_Debug|x86
		{8E7176FD-0BC5-4F46-A977-47559B96725D}.ChaMame_Debug|x86.Build.0 = ChaMame_Debug|x86
		{8E7176FD-0BC5-4F46-A977-47559B96725D}.ChaMame_Release|Any CPU.ActiveCfg = ChaMame_Release|Any CPU
		{8E7176FD-0BC5-4F46-A977-47559B96725D}.ChaMame_Release|Any CPU.Build.0 = ChaMame_Release|Any CPU
		{8E7176FD-0BC5-4F46-A977-47559B96725D}.ChaMame_Release|Mixed Platforms.ActiveCfg = ChaMame_Release|x86
		{8E7176FD-0BC5-4F46-A977-47559B96725D}.ChaMame_Release|Mixed Platforms.Build.0 = ChaMame_Release|x86
		{8E7176FD-0BC5-4F46-A977-47559B96725D}.ChaMame_Release|Win32.ActiveCfg = ChaMame_Release|x86
		{8E7176FD-0BC5-4F46-A977-47559B96725D}.ChaMame_Release|Win32.Build.0 = ChaMame_Release|x86
		{8E7176FD-0BC5-4F46-A977-47559B96725D}.ChaMame_Release|x64.ActiveCfg = ChaMame_Release|Any CPU
		{8E7176FD-0BC5-4F46-A977-47559B96725D}.ChaMame_Release|x64.Build.0 = ChaMame_Release|Any CPU
		{8E7176FD-0BC5-4F46-A977-47559B96725D}.ChaMame_Release|x86.ActiveCfg = ChaMame_Release|x86
		{8E7176FD-0BC5-4F46-A977-47559B96725D}.ChaMame_Release|x86.Build.0 = ChaMame_Release|x86
		{8E7176FD-0BC5-4F46-A977-47559B96725D}.Debug|Any CPU.ActiveCfg = Debug|Any CPU
		{8E7176FD-0BC5-4F46-A977-47559B96725D}.Debug|Any CPU.Build.0 = Debug|Any CPU
		{8E7176FD-0BC5-4F46-A977-47559B96725D}.Debug|Mixed Platforms.ActiveCfg = Debug|x86
		{8E7176FD-0BC5-4F46-A977-47559B96725D}.Debug|Mixed Platforms.Build.0 = Debug|x86
		{8E7176FD-0BC5-4F46-A977-47559B96725D}.Debug|Win32.ActiveCfg = Debug|x86
		{8E7176FD-0BC5-4F46-A977-47559B96725D}.Debug|x64.ActiveCfg = Debug|x86
		{8E7176FD-0BC5-4F46-A977-47559B96725D}.Debug|x86.ActiveCfg = Debug|x86
		{8E7176FD-0BC5-4F46-A977-47559B96725D}.Debug|x86.Build.0 = Debug|x86
		{8E7176FD-0BC5-4F46-A977-47559B96725D}.Release|Any CPU.ActiveCfg = Release|Any CPU
		{8E7176FD-0BC5-4F46-A977-47559B96725D}.Release|Any CPU.Build.0 = Release|Any CPU
		{8E7176FD-0BC5-4F46-A977-47559B96725D}.Release|Mixed Platforms.ActiveCfg = Release|x86
		{8E7176FD-0BC5-4F46-A977-47559B96725D}.Release|Mixed Platforms.Build.0 = Release|x86
		{8E7176FD-0BC5-4F46-A977-47559B96725D}.Release|Win32.ActiveCfg = Release|x86
		{8E7176FD-0BC5-4F46-A977-47559B96725D}.Release|x64.ActiveCfg = Release|x86
		{8E7176FD-0BC5-4F46-A977-47559B96725D}.Release|x86.ActiveCfg = Release|x86
		{8E7176FD-0BC5-4F46-A977-47559B96725D}.Release|x86.Build.0 = Release|x86
		{596A2BAA-EF29-4DCF-9A45-A8A3D2A179F1}.ChaMame_Debug|Any CPU.ActiveCfg = ChaMame_Debug|Any CPU
		{596A2BAA-EF29-4DCF-9A45-A8A3D2A179F1}.ChaMame_Debug|Mixed Platforms.ActiveCfg = ChaMame_Debug|x86
		{596A2BAA-EF29-4DCF-9A45-A8A3D2A179F1}.ChaMame_Debug|Mixed Platforms.Build.0 = ChaMame_Debug|x86
		{596A2BAA-EF29-4DCF-9A45-A8A3D2A179F1}.ChaMame_Debug|Win32.ActiveCfg = ChaMame_Debug|x86
		{596A2BAA-EF29-4DCF-9A45-A8A3D2A179F1}.ChaMame_Debug|Win32.Build.0 = ChaMame_Debug|x86
		{596A2BAA-EF29-4DCF-9A45-A8A3D2A179F1}.ChaMame_Debug|x64.ActiveCfg = ChaMame_Debug|Any CPU
		{596A2BAA-EF29-4DCF-9A45-A8A3D2A179F1}.ChaMame_Debug|x64.Build.0 = ChaMame_Debug|Any CPU
		{596A2BAA-EF29-4DCF-9A45-A8A3D2A179F1}.ChaMame_Debug|x86.ActiveCfg = ChaMame_Debug|x86
		{596A2BAA-EF29-4DCF-9A45-A8A3D2A179F1}.ChaMame_Release|Any CPU.ActiveCfg = ChaMame_Release|Any CPU
		{596A2BAA-EF29-4DCF-9A45-A8A3D2A179F1}.ChaMame_Release|Mixed Platforms.ActiveCfg = ChaMame_Release|x86
		{596A2BAA-EF29-4DCF-9A45-A8A3D2A179F1}.ChaMame_Release|Mixed Platforms.Build.0 = ChaMame_Release|x86
		{596A2BAA-EF29-4DCF-9A45-A8A3D2A179F1}.ChaMame_Release|Win32.ActiveCfg = ChaMame_Release|x86
		{596A2BAA-EF29-4DCF-9A45-A8A3D2A179F1}.ChaMame_Release|Win32.Build.0 = ChaMame_Release|x86
		{596A2BAA-EF29-4DCF-9A45-A8A3D2A179F1}.ChaMame_Release|x64.ActiveCfg = ChaMame_Release|Any CPU
		{596A2BAA-EF29-4DCF-9A45-A8A3D2A179F1}.ChaMame_Release|x64.Build.0 = ChaMame_Release|Any CPU
		{596A2BAA-EF29-4DCF-9A45-A8A3D2A179F1}.ChaMame_Release|x86.ActiveCfg = ChaMame_Release|x86
		{596A2BAA-EF29-4DCF-9A45-A8A3D2A179F1}.ChaMame_Release|x86.Build.0 = ChaMame_Release|x86
		{596A2BAA-EF29-4DCF-9A45-A8A3D2A179F1}.Debug|Any CPU.ActiveCfg = Debug|x86
		{596A2BAA-EF29-4DCF-9A45-A8A3D2A179F1}.Debug|Mixed Platforms.ActiveCfg = Debug|x86
		{596A2BAA-EF29-4DCF-9A45-A8A3D2A179F1}.Debug|Mixed Platforms.Build.0 = Debug|x86
		{596A2BAA-EF29-4DCF-9A45-A8A3D2A179F1}.Debug|Win32.ActiveCfg = Debug|x86
		{596A2BAA-EF29-4DCF-9A45-A8A3D2A179F1}.Debug|x64.ActiveCfg = Debug|x86
		{596A2BAA-EF29-4DCF-9A45-A8A3D2A179F1}.Debug|x86.ActiveCfg = Debug|x86
		{596A2BAA-EF29-4DCF-9A45-A8A3D2A179F1}.Debug|x86.Build.0 = Debug|x86
		{596A2BAA-EF29-4DCF-9A45-A8A3D2A179F1}.Release|Any CPU.ActiveCfg = Release|Any CPU
		{596A2BAA-EF29-4DCF-9A45-A8A3D2A179F1}.Release|Any CPU.Build.0 = Release|Any CPU
		{596A2BAA-EF29-4DCF-9A45-A8A3D2A179F1}.Release|Mixed Platforms.ActiveCfg = Release|x86
		{596A2BAA-EF29-4DCF-9A45-A8A3D2A179F1}.Release|Mixed Platforms.Build.0 = Release|x86
		{596A2BAA-EF29-4DCF-9A45-A8A3D2A179F1}.Release|Win32.ActiveCfg = Release|x86
		{596A2BAA-EF29-4DCF-9A45-A8A3D2A179F1}.Release|x64.ActiveCfg = Release|x86
		{596A2BAA-EF29-4DCF-9A45-A8A3D2A179F1}.Release|x86.ActiveCfg = Release|x86
		{596A2BAA-EF29-4DCF-9A45-A8A3D2A179F1}.Release|x86.Build.0 = Release|x86
	EndGlobalSection
	GlobalSection(SolutionProperties) = preSolution
		HideSolutionNode = FALSE
	EndGlobalSection
	GlobalSection(NestedProjects) = preSolution
		{489AFBF7-5621-418D-B261-9259DF2ABB59} = {0A8B4F89-9739-469E-AEF0-1B51D20D68DB}
		{E0F27922-AE0C-4DBF-ACC7-A8D0C16764CF} = {0A8B4F89-9739-469E-AEF0-1B51D20D68DB}
		{BB96E64D-AAEA-4D81-BC9E-BC9693182BDC} = {1B498F9C-0ED5-4243-9FF6-81A9554B10BC}
		{4FFB4329-6C9D-45FE-BA91-DF5F4E831AB2} = {1B498F9C-0ED5-4243-9FF6-81A9554B10BC}
		{42EC0653-192B-473E-8A3A-E0DF2B440129} = {1B498F9C-0ED5-4243-9FF6-81A9554B10BC}
		{9ECC8796-59DE-4DD5-8729-9A6CB69572EA} = {1B498F9C-0ED5-4243-9FF6-81A9554B10BC}
		{C9BDF674-D43B-4B0C-ABDF-FACDD0C4A93E} = {1B498F9C-0ED5-4243-9FF6-81A9554B10BC}
		{4BCF31E3-31C5-46BF-8440-1FBF90C5F019} = {0A8B4F89-9739-469E-AEF0-1B51D20D68DB}
	EndGlobalSection
	GlobalSection(ExtensibilityGlobals) = postSolution
		SolutionGuid = {229492DF-93F2-412A-BBFB-657B83AC3C7B}
	EndGlobalSection
	GlobalSection(Performance) = preSolution
		HasPerformanceSessions = true
	EndGlobalSection
	GlobalSection(TestCaseManagementSettings) = postSolution
		CategoryFile = ChaKi.NET.vsmdi
	EndGlobalSection
EndGlobal
